{"cliVersion":"0.16.0","productModuleName":"iOSSwiftPay","sourceFilePaths":[{"path":"\/Users\/leonardo\/swiftpay\/ios-swiftpay\/iOSSwiftPay\/iOSSwiftPay\/AppDelegate.swift","hash":"87655e56d0bbbb5a3b8a21de7b491a179beaeabb"},{"path":"\/Users\/leonardo\/swiftpay\/ios-swiftpay\/iOSSwiftPay\/iOSSwiftPay\/Helpers\/Constants.swift","hash":"8f2e87a9929589073f2964620dc7bad470cfb95e"},{"path":"\/Users\/leonardo\/swiftpay\/ios-swiftpay\/iOSSwiftPay\/iOSSwiftPay\/Helpers\/Utilities.swift","hash":"e3e6a413c1b77160ffd46e24ecec2464d6203366"},{"path":"\/Users\/leonardo\/swiftpay\/ios-swiftpay\/iOSSwiftPay\/iOSSwiftPay\/Models\/Client.swift","hash":"467e900e4b06d458e180e43054a55658a8b125e9"},{"path":"\/Users\/leonardo\/swiftpay\/ios-swiftpay\/iOSSwiftPay\/iOSSwiftPay\/Models\/MoneyTransaction.swift","hash":"452cd8e1f0f5f9c149fa6bff13e7dc93c5c85b20"},{"path":"\/Users\/leonardo\/swiftpay\/ios-swiftpay\/iOSSwiftPay\/iOSSwiftPay\/Models\/Services\/ClientProtocol.swift","hash":"bdca8433ef95b0eb7f655a0a44fd8fbb66c2b975"},{"path":"\/Users\/leonardo\/swiftpay\/ios-swiftpay\/iOSSwiftPay\/iOSSwiftPay\/Models\/Services\/FirebaseFirestoreClient.swift","hash":"fda15c6ee2740bf3b4da5c9401e5db66ece66072"},{"path":"\/Users\/leonardo\/swiftpay\/ios-swiftpay\/iOSSwiftPay\/iOSSwiftPay\/Models\/Services\/ResponseHandler.swift","hash":"3c0fd5ab399cf99c40af9d155f10fcd3a4b91330"},{"path":"\/Users\/leonardo\/swiftpay\/ios-swiftpay\/iOSSwiftPay\/iOSSwiftPay\/Models\/Services\/UserLoginService.swift","hash":"2088ec0840d4aab58c39c0a660e0477a3e3f4738"},{"path":"\/Users\/leonardo\/swiftpay\/ios-swiftpay\/iOSSwiftPay\/iOSSwiftPay\/Models\/Services\/ValidationService.swift","hash":"fc375d5642a8fc288cc6f89879523945c64a4942"},{"path":"\/Users\/leonardo\/swiftpay\/ios-swiftpay\/iOSSwiftPay\/iOSSwiftPay\/Presenters\/SignInPresenter.swift","hash":"8f75906f64bb43f2f0ae36f2fe3b65ef2b004f7f"},{"path":"\/Users\/leonardo\/swiftpay\/ios-swiftpay\/iOSSwiftPay\/iOSSwiftPay\/SceneDelegate.swift","hash":"9abdbdb25321f7e13fddb813a57d5c7e49350654"},{"path":"\/Users\/leonardo\/swiftpay\/ios-swiftpay\/iOSSwiftPay\/iOSSwiftPay\/Views\/DepositViewController.swift","hash":"658cf5f8074573ab7d26f696af365166e29e70f7"},{"path":"\/Users\/leonardo\/swiftpay\/ios-swiftpay\/iOSSwiftPay\/iOSSwiftPay\/Views\/HomeViewController.swift","hash":"8d079ec0871a98bb67486c7c47d4106177088b35"},{"path":"\/Users\/leonardo\/swiftpay\/ios-swiftpay\/iOSSwiftPay\/iOSSwiftPay\/Views\/MoneyTransactionTableViewCell.swift","hash":"32ba1fb6d0453889c7cb79f300fa1d54d9ed48a8"},{"path":"\/Users\/leonardo\/swiftpay\/ios-swiftpay\/iOSSwiftPay\/iOSSwiftPay\/Views\/SettingsViewController.swift","hash":"4f75ff79e6bb06e04af951269b9979bbaf64248b"},{"path":"\/Users\/leonardo\/swiftpay\/ios-swiftpay\/iOSSwiftPay\/iOSSwiftPay\/Views\/SignInVC.swift","hash":"90a1fb10d3f44ec5497cab789ad1c1243729599f"},{"path":"\/Users\/leonardo\/swiftpay\/ios-swiftpay\/iOSSwiftPay\/iOSSwiftPay\/Views\/SignInViewController.swift","hash":"43a8f435fd3874e572e8a2a266cc890f30810f2c"},{"path":"\/Users\/leonardo\/swiftpay\/ios-swiftpay\/iOSSwiftPay\/iOSSwiftPay\/Views\/SignUpViewController.swift","hash":"e3f30f00cb0743580be839d07cc9767e0ae2f13b"},{"path":"\/Users\/leonardo\/swiftpay\/ios-swiftpay\/iOSSwiftPay\/iOSSwiftPay\/Views\/TransferViewController.swift","hash":"aaeed47dbc635cc85899925e7abfdbaefd02297c"},{"path":"\/Users\/leonardo\/swiftpay\/ios-swiftpay\/iOSSwiftPay\/iOSSwiftPay\/Views\/UserInfoViewController.swift","hash":"1d5c621c8942e0a3a6d76acfe6d40c6a2c3e4e93"},{"path":"\/Users\/leonardo\/swiftpay\/ios-swiftpay\/iOSSwiftPay\/iOSSwiftPay\/Views\/ViewController.swift","hash":"6aea4711ba7835310ae630067b95912bc17ed971"}],"configHash":"990a3b4c86bcbea76129258207db03edef11bbc2","dependencyPathsHash":"c3da5f6b05be17cb6dd0f09a516e4bfd0ead93db","targetPathsHash":"56c5821dbc8eb5d3f9877b7b61941315788c9f12","mockedTypesHash":"016d5ffa918b783330c2d8251ed8da0ddaec1b23","outputHash":"687035b8125af322317ebcfaa7b3e7d9f82de436","dependencies":[],"sourceRoot":"\/Users\/leonardo\/swiftpay\/ios-swiftpay\/iOSSwiftPay","supportingFilePaths":[{"path":"\/Users\/leonardo\/swiftpay\/ios-swiftpay\/iOSSwiftPay\/MockingbirdSupport\/AppKit\/NSResponder.swift","hash":"21296949c6d570892c8665a450e62c234c938790"},{"path":"\/Users\/leonardo\/swiftpay\/ios-swiftpay\/iOSSwiftPay\/MockingbirdSupport\/AppKit\/NSView.swift","hash":"85b3183be144012a7e105e292426c3d9f8966072"},{"path":"\/Users\/leonardo\/swiftpay\/ios-swiftpay\/iOSSwiftPay\/MockingbirdSupport\/AppKit\/NSViewController.swift","hash":"d8785e8a119f2723c8840534df0ad8ac61409797"},{"path":"\/Users\/leonardo\/swiftpay\/ios-swiftpay\/iOSSwiftPay\/MockingbirdSupport\/Foundation\/ObjectiveC\/NSObject.swift","hash":"cf466772b8c2d80d31f34b93b501b398fbb8854d"},{"path":"\/Users\/leonardo\/swiftpay\/ios-swiftpay\/iOSSwiftPay\/MockingbirdSupport\/Foundation\/ObjectiveC\/NSObject.swift","hash":"cf466772b8c2d80d31f34b93b501b398fbb8854d"},{"path":"\/Users\/leonardo\/swiftpay\/ios-swiftpay\/iOSSwiftPay\/MockingbirdSupport\/Swift\/Codable.swift","hash":"57675d8b36a2db7b093b3542bd3225a88992c3bc"},{"path":"\/Users\/leonardo\/swiftpay\/ios-swiftpay\/iOSSwiftPay\/MockingbirdSupport\/Swift\/Comparable.swift","hash":"d0d110744eeaf2f8fdd2f8a41df3452f35286bb7"},{"path":"\/Users\/leonardo\/swiftpay\/ios-swiftpay\/iOSSwiftPay\/MockingbirdSupport\/Swift\/Equatable.swift","hash":"2e7674f4e23a5ab7aef45b91b63c0ed5934c3b83"},{"path":"\/Users\/leonardo\/swiftpay\/ios-swiftpay\/iOSSwiftPay\/MockingbirdSupport\/Swift\/Hashable.swift","hash":"f59ec249aa03e312f2bda7c3b397c0dccd880a21"},{"path":"\/Users\/leonardo\/swiftpay\/ios-swiftpay\/iOSSwiftPay\/MockingbirdSupport\/Swift\/Misc.swift","hash":"c139249ec5799f1ec64c3d9e7d8c1f286b894035"},{"path":"\/Users\/leonardo\/swiftpay\/ios-swiftpay\/iOSSwiftPay\/MockingbirdSupport\/UIKit\/UIControl.swift","hash":"9363a4c38002598dbbc1198f16fe7198b8151d24"},{"path":"\/Users\/leonardo\/swiftpay\/ios-swiftpay\/iOSSwiftPay\/MockingbirdSupport\/UIKit\/UILabel.swift","hash":"e26a734695bfe008598ed0d8c936683db78f40ac"},{"path":"\/Users\/leonardo\/swiftpay\/ios-swiftpay\/iOSSwiftPay\/MockingbirdSupport\/UIKit\/UIView.swift","hash":"10e6b03a9c5a76f720c17fcb82af82ff66994926"},{"path":"\/Users\/leonardo\/swiftpay\/ios-swiftpay\/iOSSwiftPay\/MockingbirdSupport\/UIKit\/UIViewController.swift","hash":"bbd8980a22029f339b0e8746124fd06d94730570"}],"name":"iOSSwiftPay","projectHash":"7f2261cb239123480135fd16d12749b0aca4a926"}