{"projectHash":"7e0a2773631f33f28b2736e080edca95fa5aec89","productModuleName":"iOSSwiftPayTests","mockedTypeNames":["\/Users\/leonardo\/swiftpay\/ios-swiftpay\/iOSSwiftPay\/iOSSwiftPayTests\/ResponseHandlerTests.swift",["Client"],"\/Users\/leonardo\/swiftpay\/ios-swiftpay\/iOSSwiftPay\/iOSSwiftPayTests\/ValidationServiceTests.swift",[],"\/Users\/leonardo\/swiftpay\/ios-swiftpay\/iOSSwiftPay\/iOSSwiftPayTests\/UserLoginTests.swift",[],"\/Users\/leonardo\/swiftpay\/ios-swiftpay\/iOSSwiftPay\/iOSSwiftPayTests\/iOSSwiftPayTests.swift",[]],"cliVersion":"0.16.0","configHash":"990a3b4c86bcbea76129258207db03edef11bbc2","sourceRoot":"\/Users\/leonardo\/swiftpay\/ios-swiftpay\/iOSSwiftPay","sourceFilePaths":[{"path":"\/Users\/leonardo\/swiftpay\/ios-swiftpay\/iOSSwiftPay\/MockingbirdMocks\/iOSSwiftPayTests-iOSSwiftPayMocks.generated.swift","hash":"5338d58289f3a9d5fb5b432b6b554de918fb4b9d"},{"path":"\/Users\/leonardo\/swiftpay\/ios-swiftpay\/iOSSwiftPay\/iOSSwiftPayTests\/ResponseHandlerTests.swift","hash":"118e78c5923b16d9d637afaa0de9ba57303360ce"},{"path":"\/Users\/leonardo\/swiftpay\/ios-swiftpay\/iOSSwiftPay\/iOSSwiftPayTests\/UserLoginTests.swift","hash":"a2de3a132761f86b31e993e18882d582db3c7f7c"},{"path":"\/Users\/leonardo\/swiftpay\/ios-swiftpay\/iOSSwiftPay\/iOSSwiftPayTests\/ValidationServiceTests.swift","hash":"ac606bb8dd4445feff598596c8ae6175b2a19f3b"},{"path":"\/Users\/leonardo\/swiftpay\/ios-swiftpay\/iOSSwiftPay\/iOSSwiftPayTests\/iOSSwiftPayTests.swift","hash":"12f06804bc0663d324f344237cfe1c78f5467571"}],"dependencies":[],"name":"iOSSwiftPayTests"}