{"projectHash":"96cf65b5308a8891aa441f4696583d46bad39f96","productModuleName":"iOSSwiftPayTests","mockedTypeNames":["\/Users\/leonardo\/swiftpay\/ios-swiftpay\/iOSSwiftPay\/iOSSwiftPayTests\/SignUpPageTests.swift",["UserDefaultsProtocol","ClientProtocol","SignUpViewDelegate"],"\/Users\/leonardo\/swiftpay\/ios-swiftpay\/iOSSwiftPay\/iOSSwiftPayTests\/SignInPageTests.swift",["SignInViewDelegate","UserDefaultsProtocol","ClientProtocol"],"\/Users\/leonardo\/swiftpay\/ios-swiftpay\/iOSSwiftPay\/iOSSwiftPayTests\/ResponseHandlerTests.swift",["ClientProtocol"],"\/Users\/leonardo\/swiftpay\/ios-swiftpay\/iOSSwiftPay\/iOSSwiftPayTests\/iOSSwiftPayTests.swift",[],"\/Users\/leonardo\/swiftpay\/ios-swiftpay\/iOSSwiftPay\/iOSSwiftPayTests\/UserInfoPageTests.swift",["UserInfoDelegate","ClientProtocol","UserDefaultsProtocol"],"\/Users\/leonardo\/swiftpay\/ios-swiftpay\/iOSSwiftPay\/iOSSwiftPayTests\/ValidationServiceTests.swift",[]],"cliVersion":"0.16.0","configHash":"990a3b4c86bcbea76129258207db03edef11bbc2","sourceRoot":"\/Users\/leonardo\/swiftpay\/ios-swiftpay\/iOSSwiftPay","sourceFilePaths":[{"path":"\/Users\/leonardo\/swiftpay\/ios-swiftpay\/iOSSwiftPay\/MockingbirdMocks\/iOSSwiftPayTests-iOSSwiftPayMocks.generated.swift","hash":"3bef1c6abefdd83e4ac3ca68a72c3d34bf29421a"},{"path":"\/Users\/leonardo\/swiftpay\/ios-swiftpay\/iOSSwiftPay\/iOSSwiftPayTests\/ResponseHandlerTests.swift","hash":"15f402b5c84a437fb8ca46bd7c91a2a62aafd2e8"},{"path":"\/Users\/leonardo\/swiftpay\/ios-swiftpay\/iOSSwiftPay\/iOSSwiftPayTests\/SignInPageTests.swift","hash":"a26b74d323ce52d3011c4edef6c376201aafaf84"},{"path":"\/Users\/leonardo\/swiftpay\/ios-swiftpay\/iOSSwiftPay\/iOSSwiftPayTests\/SignUpPageTests.swift","hash":"91e38364ce16295f0996b4c5b526ad744d8f5bd8"},{"path":"\/Users\/leonardo\/swiftpay\/ios-swiftpay\/iOSSwiftPay\/iOSSwiftPayTests\/UserInfoPageTests.swift","hash":"670a704f8a9e28056062c6ffd1a7690b95543b8d"},{"path":"\/Users\/leonardo\/swiftpay\/ios-swiftpay\/iOSSwiftPay\/iOSSwiftPayTests\/ValidationServiceTests.swift","hash":"baaa7b59376d2c689e3fc80b8dfceec19f003e53"},{"path":"\/Users\/leonardo\/swiftpay\/ios-swiftpay\/iOSSwiftPay\/iOSSwiftPayTests\/iOSSwiftPayTests.swift","hash":"27dcbcc0f9d675836074a577a7f3a80604da11cc"}],"dependencies":[],"name":"iOSSwiftPayTests"}