{"cliVersion":"0.16.0","productModuleName":"iOSSwiftPay","sourceFilePaths":[{"path":"\/Users\/leonardo\/swiftpay\/ios-swiftpay\/iOSSwiftPay\/iOSSwiftPay\/AppDelegate.swift","hash":"87655e56d0bbbb5a3b8a21de7b491a179beaeabb"},{"path":"\/Users\/leonardo\/swiftpay\/ios-swiftpay\/iOSSwiftPay\/iOSSwiftPay\/Helpers\/Constants.swift","hash":"3f95be97c4d372fb0aae413be9a399a4d520144f"},{"path":"\/Users\/leonardo\/swiftpay\/ios-swiftpay\/iOSSwiftPay\/iOSSwiftPay\/Helpers\/Utilities.swift","hash":"e3e6a413c1b77160ffd46e24ecec2464d6203366"},{"path":"\/Users\/leonardo\/swiftpay\/ios-swiftpay\/iOSSwiftPay\/iOSSwiftPay\/Models\/Client.swift","hash":"744b2818ec2bae0ec5f500ec29f78ea9c22db199"},{"path":"\/Users\/leonardo\/swiftpay\/ios-swiftpay\/iOSSwiftPay\/iOSSwiftPay\/Models\/MoneyTransaction.swift","hash":"09c3faad1640c9f2b094728c72b0a797ee8442cd"},{"path":"\/Users\/leonardo\/swiftpay\/ios-swiftpay\/iOSSwiftPay\/iOSSwiftPay\/Models\/Services\/ClientProtocol.swift","hash":"5a09ec5730255fa2e26cec13edaa7352718593ec"},{"path":"\/Users\/leonardo\/swiftpay\/ios-swiftpay\/iOSSwiftPay\/iOSSwiftPay\/Models\/Services\/FirebaseFirestoreClient.swift","hash":"0cd51be0c14bd6a91668e91e913b7737a838d2ca"},{"path":"\/Users\/leonardo\/swiftpay\/ios-swiftpay\/iOSSwiftPay\/iOSSwiftPay\/Models\/Services\/ResponseHandler.swift","hash":"626ffbf2b91562f00a2476d974f71e3f8a42545e"},{"path":"\/Users\/leonardo\/swiftpay\/ios-swiftpay\/iOSSwiftPay\/iOSSwiftPay\/Models\/Services\/UserDefaultsProtocol.swift","hash":"a4d09d9d7e34a1fd1737a91386527038965a411a"},{"path":"\/Users\/leonardo\/swiftpay\/ios-swiftpay\/iOSSwiftPay\/iOSSwiftPay\/Models\/Services\/UserDefaultsService.swift","hash":"f7711ce51962b7aa600a9ab8ed81dd813d69ec1e"},{"path":"\/Users\/leonardo\/swiftpay\/ios-swiftpay\/iOSSwiftPay\/iOSSwiftPay\/Models\/Services\/ValidationService.swift","hash":"a01d05592c38c360877e02bd1c48207eeb771450"},{"path":"\/Users\/leonardo\/swiftpay\/ios-swiftpay\/iOSSwiftPay\/iOSSwiftPay\/Presenters\/SignInPresenter.swift","hash":"e2099037883c91db3d495bc18c9ebf233969410b"},{"path":"\/Users\/leonardo\/swiftpay\/ios-swiftpay\/iOSSwiftPay\/iOSSwiftPay\/Presenters\/SignUpPresenter.swift","hash":"058ec7ea2645a32b5958742b1f8ba2249a685b21"},{"path":"\/Users\/leonardo\/swiftpay\/ios-swiftpay\/iOSSwiftPay\/iOSSwiftPay\/Presenters\/UserInfoPresenter.swift","hash":"431622d33b662cde370ac280a6abf126cbc87583"},{"path":"\/Users\/leonardo\/swiftpay\/ios-swiftpay\/iOSSwiftPay\/iOSSwiftPay\/SceneDelegate.swift","hash":"ad94b83dd42ad8b0712aed2e8cdf742c8a9d8a28"},{"path":"\/Users\/leonardo\/swiftpay\/ios-swiftpay\/iOSSwiftPay\/iOSSwiftPay\/Views\/DepositViewController.swift","hash":"658cf5f8074573ab7d26f696af365166e29e70f7"},{"path":"\/Users\/leonardo\/swiftpay\/ios-swiftpay\/iOSSwiftPay\/iOSSwiftPay\/Views\/HomeViewController.swift","hash":"082eec352f53ad26106d9884374de34be667bdb0"},{"path":"\/Users\/leonardo\/swiftpay\/ios-swiftpay\/iOSSwiftPay\/iOSSwiftPay\/Views\/MoneyTransactionTableViewCell.swift","hash":"32ba1fb6d0453889c7cb79f300fa1d54d9ed48a8"},{"path":"\/Users\/leonardo\/swiftpay\/ios-swiftpay\/iOSSwiftPay\/iOSSwiftPay\/Views\/SettingsViewController.swift","hash":"4f75ff79e6bb06e04af951269b9979bbaf64248b"},{"path":"\/Users\/leonardo\/swiftpay\/ios-swiftpay\/iOSSwiftPay\/iOSSwiftPay\/Views\/SignInVC.swift","hash":"90a1fb10d3f44ec5497cab789ad1c1243729599f"},{"path":"\/Users\/leonardo\/swiftpay\/ios-swiftpay\/iOSSwiftPay\/iOSSwiftPay\/Views\/SignInViewController.swift","hash":"264fd690771f9b3d2f89d4d9ae11ac49ff40763f"},{"path":"\/Users\/leonardo\/swiftpay\/ios-swiftpay\/iOSSwiftPay\/iOSSwiftPay\/Views\/SignUpViewController.swift","hash":"2550fbefad376ee3a3e86da67471877e697e4e56"},{"path":"\/Users\/leonardo\/swiftpay\/ios-swiftpay\/iOSSwiftPay\/iOSSwiftPay\/Views\/TransferViewController.swift","hash":"aaeed47dbc635cc85899925e7abfdbaefd02297c"},{"path":"\/Users\/leonardo\/swiftpay\/ios-swiftpay\/iOSSwiftPay\/iOSSwiftPay\/Views\/UserInfoViewController.swift","hash":"48a3307ce9e3fa39d35168095933f105b5a7f082"},{"path":"\/Users\/leonardo\/swiftpay\/ios-swiftpay\/iOSSwiftPay\/iOSSwiftPay\/Views\/ViewController.swift","hash":"6aea4711ba7835310ae630067b95912bc17ed971"}],"configHash":"990a3b4c86bcbea76129258207db03edef11bbc2","dependencyPathsHash":"c3da5f6b05be17cb6dd0f09a516e4bfd0ead93db","targetPathsHash":"fbea41b1f1235a84af781bf7ee865bb702498eef","mockedTypesHash":"22337bc57dc1cf99f1954e5ea7deb6d0c25af375","outputHash":"3bef1c6abefdd83e4ac3ca68a72c3d34bf29421a","dependencies":[],"sourceRoot":"\/Users\/leonardo\/swiftpay\/ios-swiftpay\/iOSSwiftPay","supportingFilePaths":[{"path":"\/Users\/leonardo\/swiftpay\/ios-swiftpay\/iOSSwiftPay\/MockingbirdSupport\/AppKit\/NSResponder.swift","hash":"21296949c6d570892c8665a450e62c234c938790"},{"path":"\/Users\/leonardo\/swiftpay\/ios-swiftpay\/iOSSwiftPay\/MockingbirdSupport\/AppKit\/NSView.swift","hash":"85b3183be144012a7e105e292426c3d9f8966072"},{"path":"\/Users\/leonardo\/swiftpay\/ios-swiftpay\/iOSSwiftPay\/MockingbirdSupport\/AppKit\/NSViewController.swift","hash":"d8785e8a119f2723c8840534df0ad8ac61409797"},{"path":"\/Users\/leonardo\/swiftpay\/ios-swiftpay\/iOSSwiftPay\/MockingbirdSupport\/Foundation\/ObjectiveC\/NSObject.swift","hash":"cf466772b8c2d80d31f34b93b501b398fbb8854d"},{"path":"\/Users\/leonardo\/swiftpay\/ios-swiftpay\/iOSSwiftPay\/MockingbirdSupport\/Foundation\/ObjectiveC\/NSObject.swift","hash":"cf466772b8c2d80d31f34b93b501b398fbb8854d"},{"path":"\/Users\/leonardo\/swiftpay\/ios-swiftpay\/iOSSwiftPay\/MockingbirdSupport\/Swift\/Codable.swift","hash":"57675d8b36a2db7b093b3542bd3225a88992c3bc"},{"path":"\/Users\/leonardo\/swiftpay\/ios-swiftpay\/iOSSwiftPay\/MockingbirdSupport\/Swift\/Comparable.swift","hash":"d0d110744eeaf2f8fdd2f8a41df3452f35286bb7"},{"path":"\/Users\/leonardo\/swiftpay\/ios-swiftpay\/iOSSwiftPay\/MockingbirdSupport\/Swift\/Equatable.swift","hash":"2e7674f4e23a5ab7aef45b91b63c0ed5934c3b83"},{"path":"\/Users\/leonardo\/swiftpay\/ios-swiftpay\/iOSSwiftPay\/MockingbirdSupport\/Swift\/Hashable.swift","hash":"f59ec249aa03e312f2bda7c3b397c0dccd880a21"},{"path":"\/Users\/leonardo\/swiftpay\/ios-swiftpay\/iOSSwiftPay\/MockingbirdSupport\/Swift\/Misc.swift","hash":"c139249ec5799f1ec64c3d9e7d8c1f286b894035"},{"path":"\/Users\/leonardo\/swiftpay\/ios-swiftpay\/iOSSwiftPay\/MockingbirdSupport\/UIKit\/UIControl.swift","hash":"9363a4c38002598dbbc1198f16fe7198b8151d24"},{"path":"\/Users\/leonardo\/swiftpay\/ios-swiftpay\/iOSSwiftPay\/MockingbirdSupport\/UIKit\/UILabel.swift","hash":"e26a734695bfe008598ed0d8c936683db78f40ac"},{"path":"\/Users\/leonardo\/swiftpay\/ios-swiftpay\/iOSSwiftPay\/MockingbirdSupport\/UIKit\/UIView.swift","hash":"10e6b03a9c5a76f720c17fcb82af82ff66994926"},{"path":"\/Users\/leonardo\/swiftpay\/ios-swiftpay\/iOSSwiftPay\/MockingbirdSupport\/UIKit\/UIViewController.swift","hash":"bbd8980a22029f339b0e8746124fd06d94730570"}],"name":"iOSSwiftPay","projectHash":"3be5ce1dffd64e6bdb4e31bf9d64bc7b56243754"}