{"projectHash":"5d718095ef209ddbe2efb578dd26dd0880e0b90e","productModuleName":"iOSSwiftPayTests","mockedTypeNames":["\/Users\/leonardo\/swiftpay\/ios-swiftpay\/iOSSwiftPay\/iOSSwiftPayTests\/iOSSwiftPayTests.swift",[],"\/Users\/leonardo\/swiftpay\/ios-swiftpay\/iOSSwiftPay\/iOSSwiftPayTests\/UserInfoPageTests.swift",["UserInfoDelegate","ClientProtocol","UserDefaultsProtocol"],"\/Users\/leonardo\/swiftpay\/ios-swiftpay\/iOSSwiftPay\/iOSSwiftPayTests\/SignInPageTests.swift",["SignInViewDelegate","UserDefaultsProtocol","ClientProtocol"],"\/Users\/leonardo\/swiftpay\/ios-swiftpay\/iOSSwiftPay\/iOSSwiftPayTests\/DepositPageTests.swift",["DepositViewDelegate","UserDefaultsProtocol","ClientProtocol"],"\/Users\/leonardo\/swiftpay\/ios-swiftpay\/iOSSwiftPay\/iOSSwiftPayTests\/ResponseHandlerTests.swift",["ClientProtocol"],"\/Users\/leonardo\/swiftpay\/ios-swiftpay\/iOSSwiftPay\/iOSSwiftPayTests\/ValidationServiceTests.swift",[],"\/Users\/leonardo\/swiftpay\/ios-swiftpay\/iOSSwiftPay\/iOSSwiftPayTests\/TransferPageTests.swift",["TransferViewDelegate","ClientProtocol","UserDefaultsProtocol"],"\/Users\/leonardo\/swiftpay\/ios-swiftpay\/iOSSwiftPay\/iOSSwiftPayTests\/SignUpPageTests.swift",["SignUpViewDelegate","ClientProtocol","UserDefaultsProtocol"]],"cliVersion":"0.16.0","configHash":"990a3b4c86bcbea76129258207db03edef11bbc2","sourceRoot":"\/Users\/leonardo\/swiftpay\/ios-swiftpay\/iOSSwiftPay","sourceFilePaths":[{"path":"\/Users\/leonardo\/swiftpay\/ios-swiftpay\/iOSSwiftPay\/MockingbirdMocks\/iOSSwiftPayTests-iOSSwiftPayMocks.generated.swift","hash":"6b979973c93e6af13991591f97e8fbd1c117aea9"},{"path":"\/Users\/leonardo\/swiftpay\/ios-swiftpay\/iOSSwiftPay\/iOSSwiftPayTests\/DepositPageTests.swift","hash":"05f2f16651c63fd639af3a800d4fd07e139519e7"},{"path":"\/Users\/leonardo\/swiftpay\/ios-swiftpay\/iOSSwiftPay\/iOSSwiftPayTests\/ResponseHandlerTests.swift","hash":"611ba5308c2b66b3b00c4cb28b7c7731470fa990"},{"path":"\/Users\/leonardo\/swiftpay\/ios-swiftpay\/iOSSwiftPay\/iOSSwiftPayTests\/SignInPageTests.swift","hash":"0001a5a4691a5fc81ac583761c179bc8aea19339"},{"path":"\/Users\/leonardo\/swiftpay\/ios-swiftpay\/iOSSwiftPay\/iOSSwiftPayTests\/SignUpPageTests.swift","hash":"d59cd35a69feee6d7d03e815c3cec5de998a8644"},{"path":"\/Users\/leonardo\/swiftpay\/ios-swiftpay\/iOSSwiftPay\/iOSSwiftPayTests\/TransferPageTests.swift","hash":"4801a96732447ad875ad365685f24a8cc07cc3da"},{"path":"\/Users\/leonardo\/swiftpay\/ios-swiftpay\/iOSSwiftPay\/iOSSwiftPayTests\/UserInfoPageTests.swift","hash":"b288c34e138b15d7b6012669184af9bd7277ca56"},{"path":"\/Users\/leonardo\/swiftpay\/ios-swiftpay\/iOSSwiftPay\/iOSSwiftPayTests\/ValidationServiceTests.swift","hash":"e41f6f6211d991124c7fe15c5aec070eade0bb55"},{"path":"\/Users\/leonardo\/swiftpay\/ios-swiftpay\/iOSSwiftPay\/iOSSwiftPayTests\/iOSSwiftPayTests.swift","hash":"2691c13eacfada062cde14210c67708c23258086"}],"dependencies":[],"name":"iOSSwiftPayTests"}