{"cliVersion":"0.16.0","productModuleName":"iOSSwiftPay","sourceFilePaths":[{"path":"\/Users\/leonardo\/swiftpay\/ios-swiftpay\/iOSSwiftPay\/iOSSwiftPay\/AppDelegate.swift","hash":"87655e56d0bbbb5a3b8a21de7b491a179beaeabb"},{"path":"\/Users\/leonardo\/swiftpay\/ios-swiftpay\/iOSSwiftPay\/iOSSwiftPay\/Helpers\/Constants.swift","hash":"d3c4eac5d62f942e3fe2c16509a2e4ff2730c8b0"},{"path":"\/Users\/leonardo\/swiftpay\/ios-swiftpay\/iOSSwiftPay\/iOSSwiftPay\/Helpers\/Utilities.swift","hash":"e3e6a413c1b77160ffd46e24ecec2464d6203366"},{"path":"\/Users\/leonardo\/swiftpay\/ios-swiftpay\/iOSSwiftPay\/iOSSwiftPay\/Models\/Client.swift","hash":"3ea3e1369931b05a0461babf41ccc7d0a9443827"},{"path":"\/Users\/leonardo\/swiftpay\/ios-swiftpay\/iOSSwiftPay\/iOSSwiftPay\/Models\/MoneyTransaction.swift","hash":"09c3faad1640c9f2b094728c72b0a797ee8442cd"},{"path":"\/Users\/leonardo\/swiftpay\/ios-swiftpay\/iOSSwiftPay\/iOSSwiftPay\/Models\/Services\/ClientProtocol.swift","hash":"8706d12170864714249544d5460150d2131c5f5e"},{"path":"\/Users\/leonardo\/swiftpay\/ios-swiftpay\/iOSSwiftPay\/iOSSwiftPay\/Models\/Services\/DatabaseError.swift","hash":"3f0d5f8db01f8b4a30e3a331b35bcebc76c3c96f"},{"path":"\/Users\/leonardo\/swiftpay\/ios-swiftpay\/iOSSwiftPay\/iOSSwiftPay\/Models\/Services\/FirebaseFirestoreClient.swift","hash":"1d021fc1370e02277b3f1a3fb4939591754bac3b"},{"path":"\/Users\/leonardo\/swiftpay\/ios-swiftpay\/iOSSwiftPay\/iOSSwiftPay\/Models\/Services\/ResponseHandler.swift","hash":"626ffbf2b91562f00a2476d974f71e3f8a42545e"},{"path":"\/Users\/leonardo\/swiftpay\/ios-swiftpay\/iOSSwiftPay\/iOSSwiftPay\/Models\/Services\/UserDefaultsProtocol.swift","hash":"a4d09d9d7e34a1fd1737a91386527038965a411a"},{"path":"\/Users\/leonardo\/swiftpay\/ios-swiftpay\/iOSSwiftPay\/iOSSwiftPay\/Models\/Services\/UserDefaultsService.swift","hash":"f7711ce51962b7aa600a9ab8ed81dd813d69ec1e"},{"path":"\/Users\/leonardo\/swiftpay\/ios-swiftpay\/iOSSwiftPay\/iOSSwiftPay\/Models\/Services\/ValidationService.swift","hash":"6856e7bf4c30e5f183909210f90daca1f9fe3b9a"},{"path":"\/Users\/leonardo\/swiftpay\/ios-swiftpay\/iOSSwiftPay\/iOSSwiftPay\/Presenters\/DepositPresenter.swift","hash":"701b29b13e97f7cb8b6023a83f97abeefc0dfbdb"},{"path":"\/Users\/leonardo\/swiftpay\/ios-swiftpay\/iOSSwiftPay\/iOSSwiftPay\/Presenters\/SignInPresenter.swift","hash":"e2099037883c91db3d495bc18c9ebf233969410b"},{"path":"\/Users\/leonardo\/swiftpay\/ios-swiftpay\/iOSSwiftPay\/iOSSwiftPay\/Presenters\/SignUpPresenter.swift","hash":"058ec7ea2645a32b5958742b1f8ba2249a685b21"},{"path":"\/Users\/leonardo\/swiftpay\/ios-swiftpay\/iOSSwiftPay\/iOSSwiftPay\/Presenters\/TransferPresenter.swift","hash":"90f4a57cea5aa14bd519a541d07116c0581a6d31"},{"path":"\/Users\/leonardo\/swiftpay\/ios-swiftpay\/iOSSwiftPay\/iOSSwiftPay\/Presenters\/UserInfoPresenter.swift","hash":"2c561c6f6421a3ad561d76793924c51a81d2b34b"},{"path":"\/Users\/leonardo\/swiftpay\/ios-swiftpay\/iOSSwiftPay\/iOSSwiftPay\/SceneDelegate.swift","hash":"ad94b83dd42ad8b0712aed2e8cdf742c8a9d8a28"},{"path":"\/Users\/leonardo\/swiftpay\/ios-swiftpay\/iOSSwiftPay\/iOSSwiftPay\/Views\/DepositViewController.swift","hash":"2aad2e43a1c4788739db133ffcd57520dc81894d"},{"path":"\/Users\/leonardo\/swiftpay\/ios-swiftpay\/iOSSwiftPay\/iOSSwiftPay\/Views\/HomeViewController.swift","hash":"b0d167f3868bf1e38d9a33bf7f34e8a064aa0f78"},{"path":"\/Users\/leonardo\/swiftpay\/ios-swiftpay\/iOSSwiftPay\/iOSSwiftPay\/Views\/MoneyTransactionTableViewCell.swift","hash":"32ba1fb6d0453889c7cb79f300fa1d54d9ed48a8"},{"path":"\/Users\/leonardo\/swiftpay\/ios-swiftpay\/iOSSwiftPay\/iOSSwiftPay\/Views\/SettingsViewController.swift","hash":"4f75ff79e6bb06e04af951269b9979bbaf64248b"},{"path":"\/Users\/leonardo\/swiftpay\/ios-swiftpay\/iOSSwiftPay\/iOSSwiftPay\/Views\/SignInViewController.swift","hash":"264fd690771f9b3d2f89d4d9ae11ac49ff40763f"},{"path":"\/Users\/leonardo\/swiftpay\/ios-swiftpay\/iOSSwiftPay\/iOSSwiftPay\/Views\/SignUpViewController.swift","hash":"2550fbefad376ee3a3e86da67471877e697e4e56"},{"path":"\/Users\/leonardo\/swiftpay\/ios-swiftpay\/iOSSwiftPay\/iOSSwiftPay\/Views\/TransferViewController.swift","hash":"2c5891b3d604fa0993ab047fdf88902dc3c4ace7"},{"path":"\/Users\/leonardo\/swiftpay\/ios-swiftpay\/iOSSwiftPay\/iOSSwiftPay\/Views\/UserInfoViewController.swift","hash":"d4d6a5be243d618637b2c1f80d18587ec8f97af9"}],"configHash":"990a3b4c86bcbea76129258207db03edef11bbc2","dependencyPathsHash":"c3da5f6b05be17cb6dd0f09a516e4bfd0ead93db","targetPathsHash":"d85f834c8ae625ef25ee57e1e65701f5e5c728dc","mockedTypesHash":"4a9bc2a983263cfe2d41aa99f955b28cede9a4f5","outputHash":"ef2d1c1edbe4bf913ef508b26d1451c3e6ed12f3","dependencies":[],"sourceRoot":"\/Users\/leonardo\/swiftpay\/ios-swiftpay\/iOSSwiftPay","supportingFilePaths":[{"path":"\/Users\/leonardo\/swiftpay\/ios-swiftpay\/iOSSwiftPay\/MockingbirdSupport\/AppKit\/NSResponder.swift","hash":"21296949c6d570892c8665a450e62c234c938790"},{"path":"\/Users\/leonardo\/swiftpay\/ios-swiftpay\/iOSSwiftPay\/MockingbirdSupport\/AppKit\/NSView.swift","hash":"85b3183be144012a7e105e292426c3d9f8966072"},{"path":"\/Users\/leonardo\/swiftpay\/ios-swiftpay\/iOSSwiftPay\/MockingbirdSupport\/AppKit\/NSViewController.swift","hash":"d8785e8a119f2723c8840534df0ad8ac61409797"},{"path":"\/Users\/leonardo\/swiftpay\/ios-swiftpay\/iOSSwiftPay\/MockingbirdSupport\/Foundation\/ObjectiveC\/NSObject.swift","hash":"cf466772b8c2d80d31f34b93b501b398fbb8854d"},{"path":"\/Users\/leonardo\/swiftpay\/ios-swiftpay\/iOSSwiftPay\/MockingbirdSupport\/Foundation\/ObjectiveC\/NSObject.swift","hash":"cf466772b8c2d80d31f34b93b501b398fbb8854d"},{"path":"\/Users\/leonardo\/swiftpay\/ios-swiftpay\/iOSSwiftPay\/MockingbirdSupport\/Swift\/Codable.swift","hash":"57675d8b36a2db7b093b3542bd3225a88992c3bc"},{"path":"\/Users\/leonardo\/swiftpay\/ios-swiftpay\/iOSSwiftPay\/MockingbirdSupport\/Swift\/Comparable.swift","hash":"d0d110744eeaf2f8fdd2f8a41df3452f35286bb7"},{"path":"\/Users\/leonardo\/swiftpay\/ios-swiftpay\/iOSSwiftPay\/MockingbirdSupport\/Swift\/Equatable.swift","hash":"2e7674f4e23a5ab7aef45b91b63c0ed5934c3b83"},{"path":"\/Users\/leonardo\/swiftpay\/ios-swiftpay\/iOSSwiftPay\/MockingbirdSupport\/Swift\/Hashable.swift","hash":"f59ec249aa03e312f2bda7c3b397c0dccd880a21"},{"path":"\/Users\/leonardo\/swiftpay\/ios-swiftpay\/iOSSwiftPay\/MockingbirdSupport\/Swift\/Misc.swift","hash":"c139249ec5799f1ec64c3d9e7d8c1f286b894035"},{"path":"\/Users\/leonardo\/swiftpay\/ios-swiftpay\/iOSSwiftPay\/MockingbirdSupport\/UIKit\/UIControl.swift","hash":"9363a4c38002598dbbc1198f16fe7198b8151d24"},{"path":"\/Users\/leonardo\/swiftpay\/ios-swiftpay\/iOSSwiftPay\/MockingbirdSupport\/UIKit\/UILabel.swift","hash":"e26a734695bfe008598ed0d8c936683db78f40ac"},{"path":"\/Users\/leonardo\/swiftpay\/ios-swiftpay\/iOSSwiftPay\/MockingbirdSupport\/UIKit\/UIView.swift","hash":"10e6b03a9c5a76f720c17fcb82af82ff66994926"},{"path":"\/Users\/leonardo\/swiftpay\/ios-swiftpay\/iOSSwiftPay\/MockingbirdSupport\/UIKit\/UIViewController.swift","hash":"bbd8980a22029f339b0e8746124fd06d94730570"}],"name":"iOSSwiftPay","projectHash":"4b1649eef0342857093ea84e2548e63bb122ba16"}