// !$*UTF8*$!
{
	archiveVersion = 1;
	classes = {
	};
	objectVersion = 51;
	objects = {

/* Begin PBXBuildFile section */
		0F3E85C375FE548CC7C98BF4 /* iOSSwiftPayTests-iOSSwiftPayMocks.generated.swift in Sources */ = {isa = PBXBuildFile; fileRef = F656016730B740EC2A2CEA3C /* iOSSwiftPayTests-iOSSwiftPayMocks.generated.swift */; };
		10A5154EC4034768DD5250B8 /* Pods_iOSSwiftPayTests.framework in Frameworks */ = {isa = PBXBuildFile; fileRef = F724F00E9B58D8CEBA358F40 /* Pods_iOSSwiftPayTests.framework */; };
		51DEF4FF5B2E770632C91729 /* libPods-iOSSwiftPay.a in Frameworks */ = {isa = PBXBuildFile; fileRef = C1763E539EE432954D678A4F /* libPods-iOSSwiftPay.a */; };
		7630CF34E0687B68AA10E5FB /* Pods_iOSSwiftPayUITests.framework in Frameworks */ = {isa = PBXBuildFile; fileRef = C1ED88B9289F057C159A0A4C /* Pods_iOSSwiftPayUITests.framework */; };
		A73F61BD252CCFFC00F6C75B /* SignUpViewController.swift in Sources */ = {isa = PBXBuildFile; fileRef = A73F61BC252CCFFC00F6C75B /* SignUpViewController.swift */; };
		A73F61BF252CDAF500F6C75B /* SettingsViewController.swift in Sources */ = {isa = PBXBuildFile; fileRef = A73F61BE252CDAF500F6C75B /* SettingsViewController.swift */; };
		A73F61C1252CE87900F6C75B /* TransferViewController.swift in Sources */ = {isa = PBXBuildFile; fileRef = A73F61C0252CE87900F6C75B /* TransferViewController.swift */; };
		A74B80EA24EB06C40081EF4B /* AppDelegate.swift in Sources */ = {isa = PBXBuildFile; fileRef = A74B80E924EB06C40081EF4B /* AppDelegate.swift */; };
		A74B80EC24EB06C40081EF4B /* SceneDelegate.swift in Sources */ = {isa = PBXBuildFile; fileRef = A74B80EB24EB06C40081EF4B /* SceneDelegate.swift */; };
		A74B80EE24EB06C40081EF4B /* ViewController.swift in Sources */ = {isa = PBXBuildFile; fileRef = A74B80ED24EB06C40081EF4B /* ViewController.swift */; };
		A74B80F124EB06C40081EF4B /* Main.storyboard in Resources */ = {isa = PBXBuildFile; fileRef = A74B80EF24EB06C40081EF4B /* Main.storyboard */; };
		A74B80F324EB06C70081EF4B /* Assets.xcassets in Resources */ = {isa = PBXBuildFile; fileRef = A74B80F224EB06C70081EF4B /* Assets.xcassets */; };
		A74B810124EB06C70081EF4B /* iOSSwiftPayTests.swift in Sources */ = {isa = PBXBuildFile; fileRef = A74B810024EB06C70081EF4B /* iOSSwiftPayTests.swift */; };
		A74B810C24EB06C70081EF4B /* iOSSwiftPayUITests.swift in Sources */ = {isa = PBXBuildFile; fileRef = A74B810B24EB06C70081EF4B /* iOSSwiftPayUITests.swift */; };
		A74B811A24EB0C970081EF4B /* Client.swift in Sources */ = {isa = PBXBuildFile; fileRef = A74B811924EB0C970081EF4B /* Client.swift */; };
		A75AEBA6252DE6EC001532B6 /* DepositViewController.swift in Sources */ = {isa = PBXBuildFile; fileRef = A75AEBA5252DE6EC001532B6 /* DepositViewController.swift */; };
		A75AEBA8252DEA31001532B6 /* UserInfoViewController.swift in Sources */ = {isa = PBXBuildFile; fileRef = A75AEBA7252DEA31001532B6 /* UserInfoViewController.swift */; };
		A75AEBAA252E5514001532B6 /* MoneyTransaction.swift in Sources */ = {isa = PBXBuildFile; fileRef = A75AEBA9252E5514001532B6 /* MoneyTransaction.swift */; };
		A75AEBAE252E6A7C001532B6 /* MoneyTransactionTableViewCell.swift in Sources */ = {isa = PBXBuildFile; fileRef = A75AEBAD252E6A7C001532B6 /* MoneyTransactionTableViewCell.swift */; };
		A76070FC252F5E1B0095611F /* HomeViewController.swift in Sources */ = {isa = PBXBuildFile; fileRef = A76070FB252F5E1B0095611F /* HomeViewController.swift */; };
		A763DCF025309DCE00C91D43 /* user.json in Sources */ = {isa = PBXBuildFile; fileRef = A763DCEF25309DCE00C91D43 /* user.json */; };
		A7657C6325387088009CC28E /* ResponseHandler.swift in Sources */ = {isa = PBXBuildFile; fileRef = A7657C6225387088009CC28E /* ResponseHandler.swift */; };
		A7657C65253871D0009CC28E /* ResponseHandlerTests.swift in Sources */ = {isa = PBXBuildFile; fileRef = A7657C64253871D0009CC28E /* ResponseHandlerTests.swift */; };
		A7659106251503BF00C646B4 /* UserLoginService.swift in Sources */ = {isa = PBXBuildFile; fileRef = A7659105251503BF00C646B4 /* UserLoginService.swift */; };
		A76784472538CA8E0081EE79 /* SignInPageTests.swift in Sources */ = {isa = PBXBuildFile; fileRef = A76784462538CA8E0081EE79 /* SignInPageTests.swift */; };
		A77C84CD253DFF4C00DD9897 /* SignUpPresenter.swift in Sources */ = {isa = PBXBuildFile; fileRef = A77C84CC253DFF4C00DD9897 /* SignUpPresenter.swift */; };
		A77C84CF253E013F00DD9897 /* SignUpPageTests.swift in Sources */ = {isa = PBXBuildFile; fileRef = A77C84CE253E013F00DD9897 /* SignUpPageTests.swift */; };
		A793C29F25265F4E00AE0DB2 /* SignInPresenter.swift in Sources */ = {isa = PBXBuildFile; fileRef = A793C29E25265F4E00AE0DB2 /* SignInPresenter.swift */; };
		A793C2A22526B4AE00AE0DB2 /* ClientProtocol.swift in Sources */ = {isa = PBXBuildFile; fileRef = A793C2A12526B4AE00AE0DB2 /* ClientProtocol.swift */; };
		A793C2A42526BA1000AE0DB2 /* FirebaseFirestoreClient.swift in Sources */ = {isa = PBXBuildFile; fileRef = A793C2A32526BA1000AE0DB2 /* FirebaseFirestoreClient.swift */; };
		A796D63C25119BA500974974 /* GoogleService-Info.plist in Resources */ = {isa = PBXBuildFile; fileRef = A796D63B25119BA400974974 /* GoogleService-Info.plist */; };
		A7A2D8EB250FA7CF00A10DBB /* ValidationService.swift in Sources */ = {isa = PBXBuildFile; fileRef = A7A2D8EA250FA7CF00A10DBB /* ValidationService.swift */; };
		A7A2D8ED25103A8800A10DBB /* ValidationServiceTests.swift in Sources */ = {isa = PBXBuildFile; fileRef = A7A2D8EC25103A8800A10DBB /* ValidationServiceTests.swift */; };
		A7B99E4F25236C900049B625 /* SignInViewController.swift in Sources */ = {isa = PBXBuildFile; fileRef = A7B99E4E25236C900049B625 /* SignInViewController.swift */; };
		A7C0A7E0250AE7D60019A841 /* SignInVC.swift in Sources */ = {isa = PBXBuildFile; fileRef = A7C0A7DF250AE7D60019A841 /* SignInVC.swift */; };
		A7C0A7E4250AEB090019A841 /* Constants.swift in Sources */ = {isa = PBXBuildFile; fileRef = A7C0A7E2250AEB070019A841 /* Constants.swift */; };
		A7C0A7E5250AEB090019A841 /* Utilities.swift in Sources */ = {isa = PBXBuildFile; fileRef = A7C0A7E3250AEB090019A841 /* Utilities.swift */; };
		A7C0A7E8250AEF820019A841 /* Localizable.strings in Resources */ = {isa = PBXBuildFile; fileRef = A7C0A7EA250AEF820019A841 /* Localizable.strings */; };
/* End PBXBuildFile section */

/* Begin PBXContainerItemProxy section */
		A74B80FD24EB06C70081EF4B /* PBXContainerItemProxy */ = {
			isa = PBXContainerItemProxy;
			containerPortal = A74B80DE24EB06C40081EF4B /* Project object */;
			proxyType = 1;
			remoteGlobalIDString = A74B80E524EB06C40081EF4B;
			remoteInfo = iOSSwiftPay;
		};
		A74B810824EB06C70081EF4B /* PBXContainerItemProxy */ = {
			isa = PBXContainerItemProxy;
			containerPortal = A74B80DE24EB06C40081EF4B /* Project object */;
			proxyType = 1;
			remoteGlobalIDString = A74B80E524EB06C40081EF4B;
			remoteInfo = iOSSwiftPay;
		};
/* End PBXContainerItemProxy section */

/* Begin PBXFileReference section */
		01012CB340A34D913E0AEB39 /* Pods-iOSSwiftPay.debug.xcconfig */ = {isa = PBXFileReference; includeInIndex = 1; lastKnownFileType = text.xcconfig; name = "Pods-iOSSwiftPay.debug.xcconfig"; path = "Target Support Files/Pods-iOSSwiftPay/Pods-iOSSwiftPay.debug.xcconfig"; sourceTree = "<group>"; };
		2E5E0C17D1E1FF2D6CFF6678 /* Pods-iOSSwiftPayUITests.release.xcconfig */ = {isa = PBXFileReference; includeInIndex = 1; lastKnownFileType = text.xcconfig; name = "Pods-iOSSwiftPayUITests.release.xcconfig"; path = "Target Support Files/Pods-iOSSwiftPayUITests/Pods-iOSSwiftPayUITests.release.xcconfig"; sourceTree = "<group>"; };
		38FC65D6AC918C279FF82C10 /* Pods-iOSSwiftPayTests.release.xcconfig */ = {isa = PBXFileReference; includeInIndex = 1; lastKnownFileType = text.xcconfig; name = "Pods-iOSSwiftPayTests.release.xcconfig"; path = "Target Support Files/Pods-iOSSwiftPayTests/Pods-iOSSwiftPayTests.release.xcconfig"; sourceTree = "<group>"; };
		3DF314083B31C10683D2F05F /* Pods-iOSSwiftPay.release.xcconfig */ = {isa = PBXFileReference; includeInIndex = 1; lastKnownFileType = text.xcconfig; name = "Pods-iOSSwiftPay.release.xcconfig"; path = "Target Support Files/Pods-iOSSwiftPay/Pods-iOSSwiftPay.release.xcconfig"; sourceTree = "<group>"; };
		53ECE2CDC2C38BF703834023 /* Pods-iOSSwiftPayUITests.debug.xcconfig */ = {isa = PBXFileReference; includeInIndex = 1; lastKnownFileType = text.xcconfig; name = "Pods-iOSSwiftPayUITests.debug.xcconfig"; path = "Target Support Files/Pods-iOSSwiftPayUITests/Pods-iOSSwiftPayUITests.debug.xcconfig"; sourceTree = "<group>"; };
		54E1FE7B967DA303A7FE1FF8 /* Pods-iOSSwiftPayTests.debug.xcconfig */ = {isa = PBXFileReference; includeInIndex = 1; lastKnownFileType = text.xcconfig; name = "Pods-iOSSwiftPayTests.debug.xcconfig"; path = "Target Support Files/Pods-iOSSwiftPayTests/Pods-iOSSwiftPayTests.debug.xcconfig"; sourceTree = "<group>"; };
		A736C20624EF4BAB00B07FDA /* FBSnapshotTestCase.framework */ = {isa = PBXFileReference; explicitFileType = wrapper.framework; path = FBSnapshotTestCase.framework; sourceTree = BUILT_PRODUCTS_DIR; };
		A73F61BC252CCFFC00F6C75B /* SignUpViewController.swift */ = {isa = PBXFileReference; lastKnownFileType = sourcecode.swift; path = SignUpViewController.swift; sourceTree = "<group>"; };
		A73F61BE252CDAF500F6C75B /* SettingsViewController.swift */ = {isa = PBXFileReference; lastKnownFileType = sourcecode.swift; path = SettingsViewController.swift; sourceTree = "<group>"; };
		A73F61C0252CE87900F6C75B /* TransferViewController.swift */ = {isa = PBXFileReference; lastKnownFileType = sourcecode.swift; path = TransferViewController.swift; sourceTree = "<group>"; };
		A74B80E624EB06C40081EF4B /* iOSSwiftPay.app */ = {isa = PBXFileReference; explicitFileType = wrapper.application; includeInIndex = 0; path = iOSSwiftPay.app; sourceTree = BUILT_PRODUCTS_DIR; };
		A74B80E924EB06C40081EF4B /* AppDelegate.swift */ = {isa = PBXFileReference; lastKnownFileType = sourcecode.swift; path = AppDelegate.swift; sourceTree = "<group>"; };
		A74B80EB24EB06C40081EF4B /* SceneDelegate.swift */ = {isa = PBXFileReference; lastKnownFileType = sourcecode.swift; path = SceneDelegate.swift; sourceTree = "<group>"; };
		A74B80ED24EB06C40081EF4B /* ViewController.swift */ = {isa = PBXFileReference; lastKnownFileType = sourcecode.swift; path = ViewController.swift; sourceTree = "<group>"; };
		A74B80F024EB06C40081EF4B /* Base */ = {isa = PBXFileReference; lastKnownFileType = file.storyboard; name = Base; path = Base.lproj/Main.storyboard; sourceTree = "<group>"; };
		A74B80F224EB06C70081EF4B /* Assets.xcassets */ = {isa = PBXFileReference; lastKnownFileType = folder.assetcatalog; path = Assets.xcassets; sourceTree = "<group>"; };
		A74B80F724EB06C70081EF4B /* Info.plist */ = {isa = PBXFileReference; lastKnownFileType = text.plist.xml; path = Info.plist; sourceTree = "<group>"; };
		A74B80FC24EB06C70081EF4B /* iOSSwiftPayTests.xctest */ = {isa = PBXFileReference; explicitFileType = wrapper.cfbundle; includeInIndex = 0; path = iOSSwiftPayTests.xctest; sourceTree = BUILT_PRODUCTS_DIR; };
		A74B810024EB06C70081EF4B /* iOSSwiftPayTests.swift */ = {isa = PBXFileReference; lastKnownFileType = sourcecode.swift; path = iOSSwiftPayTests.swift; sourceTree = "<group>"; };
		A74B810224EB06C70081EF4B /* Info.plist */ = {isa = PBXFileReference; lastKnownFileType = text.plist.xml; path = Info.plist; sourceTree = "<group>"; };
		A74B810724EB06C70081EF4B /* iOSSwiftPayUITests.xctest */ = {isa = PBXFileReference; explicitFileType = wrapper.cfbundle; includeInIndex = 0; path = iOSSwiftPayUITests.xctest; sourceTree = BUILT_PRODUCTS_DIR; };
		A74B810B24EB06C70081EF4B /* iOSSwiftPayUITests.swift */ = {isa = PBXFileReference; lastKnownFileType = sourcecode.swift; path = iOSSwiftPayUITests.swift; sourceTree = "<group>"; };
		A74B810D24EB06C70081EF4B /* Info.plist */ = {isa = PBXFileReference; lastKnownFileType = text.plist.xml; path = Info.plist; sourceTree = "<group>"; };
		A74B811924EB0C970081EF4B /* Client.swift */ = {isa = PBXFileReference; lastKnownFileType = sourcecode.swift; path = Client.swift; sourceTree = "<group>"; };
		A75AEBA5252DE6EC001532B6 /* DepositViewController.swift */ = {isa = PBXFileReference; lastKnownFileType = sourcecode.swift; path = DepositViewController.swift; sourceTree = "<group>"; };
		A75AEBA7252DEA31001532B6 /* UserInfoViewController.swift */ = {isa = PBXFileReference; lastKnownFileType = sourcecode.swift; path = UserInfoViewController.swift; sourceTree = "<group>"; };
		A75AEBA9252E5514001532B6 /* MoneyTransaction.swift */ = {isa = PBXFileReference; lastKnownFileType = sourcecode.swift; path = MoneyTransaction.swift; sourceTree = "<group>"; };
		A75AEBAD252E6A7C001532B6 /* MoneyTransactionTableViewCell.swift */ = {isa = PBXFileReference; lastKnownFileType = sourcecode.swift; path = MoneyTransactionTableViewCell.swift; sourceTree = "<group>"; };
		A76070FB252F5E1B0095611F /* HomeViewController.swift */ = {isa = PBXFileReference; lastKnownFileType = sourcecode.swift; path = HomeViewController.swift; sourceTree = "<group>"; };
		A763DCEF25309DCE00C91D43 /* user.json */ = {isa = PBXFileReference; lastKnownFileType = text.json; path = user.json; sourceTree = "<group>"; };
		A7657C6225387088009CC28E /* ResponseHandler.swift */ = {isa = PBXFileReference; lastKnownFileType = sourcecode.swift; path = ResponseHandler.swift; sourceTree = "<group>"; };
		A7657C64253871D0009CC28E /* ResponseHandlerTests.swift */ = {isa = PBXFileReference; lastKnownFileType = sourcecode.swift; path = ResponseHandlerTests.swift; sourceTree = "<group>"; };
		A7659105251503BF00C646B4 /* UserLoginService.swift */ = {isa = PBXFileReference; lastKnownFileType = sourcecode.swift; path = UserLoginService.swift; sourceTree = "<group>"; };
		A76784462538CA8E0081EE79 /* SignInPageTests.swift */ = {isa = PBXFileReference; lastKnownFileType = sourcecode.swift; path = SignInPageTests.swift; sourceTree = "<group>"; };
		A77C84CC253DFF4C00DD9897 /* SignUpPresenter.swift */ = {isa = PBXFileReference; lastKnownFileType = sourcecode.swift; path = SignUpPresenter.swift; sourceTree = "<group>"; };
		A77C84CE253E013F00DD9897 /* SignUpPageTests.swift */ = {isa = PBXFileReference; lastKnownFileType = sourcecode.swift; path = SignUpPageTests.swift; sourceTree = "<group>"; };
		A793C29E25265F4E00AE0DB2 /* SignInPresenter.swift */ = {isa = PBXFileReference; lastKnownFileType = sourcecode.swift; path = SignInPresenter.swift; sourceTree = "<group>"; };
		A793C2A12526B4AE00AE0DB2 /* ClientProtocol.swift */ = {isa = PBXFileReference; lastKnownFileType = sourcecode.swift; path = ClientProtocol.swift; sourceTree = "<group>"; };
		A793C2A32526BA1000AE0DB2 /* FirebaseFirestoreClient.swift */ = {isa = PBXFileReference; lastKnownFileType = sourcecode.swift; path = FirebaseFirestoreClient.swift; sourceTree = "<group>"; };
		A796D63B25119BA400974974 /* GoogleService-Info.plist */ = {isa = PBXFileReference; fileEncoding = 4; lastKnownFileType = text.plist.xml; path = "GoogleService-Info.plist"; sourceTree = "<group>"; };
		A79A1D8B25126F4A0035C80F /* FirebaseAuth.framework */ = {isa = PBXFileReference; explicitFileType = wrapper.framework; path = FirebaseAuth.framework; sourceTree = BUILT_PRODUCTS_DIR; };
		A79A1D8F25126F670035C80F /* FirebaseCore.framework */ = {isa = PBXFileReference; explicitFileType = wrapper.framework; path = FirebaseCore.framework; sourceTree = BUILT_PRODUCTS_DIR; };
		A79A1D9225126F6F0035C80F /* FirebaseCoreDiagnostics.framework */ = {isa = PBXFileReference; explicitFileType = wrapper.framework; path = FirebaseCoreDiagnostics.framework; sourceTree = BUILT_PRODUCTS_DIR; };
		A79A1D9525126F770035C80F /* FirebaseFirestore.framework */ = {isa = PBXFileReference; explicitFileType = wrapper.framework; path = FirebaseFirestore.framework; sourceTree = BUILT_PRODUCTS_DIR; };
		A79A1D9825126F7F0035C80F /* FirebaseInstallations.framework */ = {isa = PBXFileReference; explicitFileType = wrapper.framework; path = FirebaseInstallations.framework; sourceTree = BUILT_PRODUCTS_DIR; };
		A7A2D8EA250FA7CF00A10DBB /* ValidationService.swift */ = {isa = PBXFileReference; lastKnownFileType = sourcecode.swift; path = ValidationService.swift; sourceTree = "<group>"; };
		A7A2D8EC25103A8800A10DBB /* ValidationServiceTests.swift */ = {isa = PBXFileReference; lastKnownFileType = sourcecode.swift; path = ValidationServiceTests.swift; sourceTree = "<group>"; };
		A7B99E4E25236C900049B625 /* SignInViewController.swift */ = {isa = PBXFileReference; lastKnownFileType = sourcecode.swift; path = SignInViewController.swift; sourceTree = "<group>"; };
		A7C0A7DF250AE7D60019A841 /* SignInVC.swift */ = {isa = PBXFileReference; fileEncoding = 4; lastKnownFileType = sourcecode.swift; path = SignInVC.swift; sourceTree = "<group>"; };
		A7C0A7E2250AEB070019A841 /* Constants.swift */ = {isa = PBXFileReference; fileEncoding = 4; lastKnownFileType = sourcecode.swift; path = Constants.swift; sourceTree = "<group>"; };
		A7C0A7E3250AEB090019A841 /* Utilities.swift */ = {isa = PBXFileReference; fileEncoding = 4; lastKnownFileType = sourcecode.swift; path = Utilities.swift; sourceTree = "<group>"; };
		A7C0A7E9250AEF820019A841 /* en */ = {isa = PBXFileReference; lastKnownFileType = text.plist.strings; name = en; path = en.lproj/Localizable.strings; sourceTree = "<group>"; };
		A7C0A7F3250AF4DA0019A841 /* pt-BR */ = {isa = PBXFileReference; lastKnownFileType = text.plist.strings; name = "pt-BR"; path = "pt-BR.lproj/Localizable.strings"; sourceTree = "<group>"; };
		C1763E539EE432954D678A4F /* libPods-iOSSwiftPay.a */ = {isa = PBXFileReference; explicitFileType = archive.ar; includeInIndex = 0; path = "libPods-iOSSwiftPay.a"; sourceTree = BUILT_PRODUCTS_DIR; };
		C1ED88B9289F057C159A0A4C /* Pods_iOSSwiftPayUITests.framework */ = {isa = PBXFileReference; explicitFileType = wrapper.framework; includeInIndex = 0; path = Pods_iOSSwiftPayUITests.framework; sourceTree = BUILT_PRODUCTS_DIR; };
		F656016730B740EC2A2CEA3C /* iOSSwiftPayTests-iOSSwiftPayMocks.generated.swift */ = {isa = PBXFileReference; explicitFileType = sourcecode.swift; name = "iOSSwiftPayTests-iOSSwiftPayMocks.generated.swift"; path = "MockingbirdMocks/iOSSwiftPayTests-iOSSwiftPayMocks.generated.swift"; sourceTree = "<group>"; };
		F724F00E9B58D8CEBA358F40 /* Pods_iOSSwiftPayTests.framework */ = {isa = PBXFileReference; explicitFileType = wrapper.framework; includeInIndex = 0; path = Pods_iOSSwiftPayTests.framework; sourceTree = BUILT_PRODUCTS_DIR; };
/* End PBXFileReference section */

/* Begin PBXFrameworksBuildPhase section */
		A74B80E324EB06C40081EF4B /* Frameworks */ = {
			isa = PBXFrameworksBuildPhase;
			buildActionMask = 2147483647;
			files = (
				51DEF4FF5B2E770632C91729 /* libPods-iOSSwiftPay.a in Frameworks */,
			);
			runOnlyForDeploymentPostprocessing = 0;
		};
		A74B80F924EB06C70081EF4B /* Frameworks */ = {
			isa = PBXFrameworksBuildPhase;
			buildActionMask = 2147483647;
			files = (
				10A5154EC4034768DD5250B8 /* Pods_iOSSwiftPayTests.framework in Frameworks */,
			);
			runOnlyForDeploymentPostprocessing = 0;
		};
		A74B810424EB06C70081EF4B /* Frameworks */ = {
			isa = PBXFrameworksBuildPhase;
			buildActionMask = 2147483647;
			files = (
				7630CF34E0687B68AA10E5FB /* Pods_iOSSwiftPayUITests.framework in Frameworks */,
			);
			runOnlyForDeploymentPostprocessing = 0;
		};
/* End PBXFrameworksBuildPhase section */

/* Begin PBXGroup section */
		63B2563B304C05B62D629105 /* Generated Mocks */ = {
			isa = PBXGroup;
			children = (
				F656016730B740EC2A2CEA3C /* iOSSwiftPayTests-iOSSwiftPayMocks.generated.swift */,
			);
			name = "Generated Mocks";
			sourceTree = "<group>";
		};
		6FEBD67CF95267FCF651D632 /* Frameworks */ = {
			isa = PBXGroup;
			children = (
				A79A1D9825126F7F0035C80F /* FirebaseInstallations.framework */,
				A79A1D9525126F770035C80F /* FirebaseFirestore.framework */,
				A79A1D9225126F6F0035C80F /* FirebaseCoreDiagnostics.framework */,
				A79A1D8F25126F670035C80F /* FirebaseCore.framework */,
				A79A1D8B25126F4A0035C80F /* FirebaseAuth.framework */,
				A736C20624EF4BAB00B07FDA /* FBSnapshotTestCase.framework */,
				F724F00E9B58D8CEBA358F40 /* Pods_iOSSwiftPayTests.framework */,
				C1763E539EE432954D678A4F /* libPods-iOSSwiftPay.a */,
				C1ED88B9289F057C159A0A4C /* Pods_iOSSwiftPayUITests.framework */,
			);
			name = Frameworks;
			sourceTree = "<group>";
		};
		7A3519344D46BA0B6018A372 /* Pods */ = {
			isa = PBXGroup;
			children = (
				54E1FE7B967DA303A7FE1FF8 /* Pods-iOSSwiftPayTests.debug.xcconfig */,
				38FC65D6AC918C279FF82C10 /* Pods-iOSSwiftPayTests.release.xcconfig */,
				01012CB340A34D913E0AEB39 /* Pods-iOSSwiftPay.debug.xcconfig */,
				3DF314083B31C10683D2F05F /* Pods-iOSSwiftPay.release.xcconfig */,
				53ECE2CDC2C38BF703834023 /* Pods-iOSSwiftPayUITests.debug.xcconfig */,
				2E5E0C17D1E1FF2D6CFF6678 /* Pods-iOSSwiftPayUITests.release.xcconfig */,
			);
			path = Pods;
			sourceTree = "<group>";
		};
		A74B80DD24EB06C40081EF4B = {
			isa = PBXGroup;
			children = (
				A74B80E824EB06C40081EF4B /* iOSSwiftPay */,
				A74B80FF24EB06C70081EF4B /* iOSSwiftPayTests */,
				A74B810A24EB06C70081EF4B /* iOSSwiftPayUITests */,
				A74B80E724EB06C40081EF4B /* Products */,
				7A3519344D46BA0B6018A372 /* Pods */,
				6FEBD67CF95267FCF651D632 /* Frameworks */,
				63B2563B304C05B62D629105 /* Generated Mocks */,
			);
			sourceTree = "<group>";
		};
		A74B80E724EB06C40081EF4B /* Products */ = {
			isa = PBXGroup;
			children = (
				A74B80E624EB06C40081EF4B /* iOSSwiftPay.app */,
				A74B80FC24EB06C70081EF4B /* iOSSwiftPayTests.xctest */,
				A74B810724EB06C70081EF4B /* iOSSwiftPayUITests.xctest */,
			);
			name = Products;
			sourceTree = "<group>";
		};
		A74B80E824EB06C40081EF4B /* iOSSwiftPay */ = {
			isa = PBXGroup;
			children = (
				A793C2A02526628000AE0DB2 /* DataSource */,
				A75EF15D252248140050A747 /* Presenters */,
				A75EF15C252248070050A747 /* Models */,
				A796D63B25119BA400974974 /* GoogleService-Info.plist */,
				A7C0A7E1250AEAE40019A841 /* Helpers */,
				A7C0A7DE250AE7C20019A841 /* Views */,
				A74B80E924EB06C40081EF4B /* AppDelegate.swift */,
				A74B80EB24EB06C40081EF4B /* SceneDelegate.swift */,
				A74B80EF24EB06C40081EF4B /* Main.storyboard */,
				A7C0A7EA250AEF820019A841 /* Localizable.strings */,
				A74B80F224EB06C70081EF4B /* Assets.xcassets */,
				A74B80F724EB06C70081EF4B /* Info.plist */,
			);
			path = iOSSwiftPay;
			sourceTree = "<group>";
		};
		A74B80FF24EB06C70081EF4B /* iOSSwiftPayTests */ = {
			isa = PBXGroup;
			children = (
				A74B810024EB06C70081EF4B /* iOSSwiftPayTests.swift */,
				A74B810224EB06C70081EF4B /* Info.plist */,
				A7A2D8EC25103A8800A10DBB /* ValidationServiceTests.swift */,
				A7657C64253871D0009CC28E /* ResponseHandlerTests.swift */,
				A76784462538CA8E0081EE79 /* SignInPageTests.swift */,
				A77C84CE253E013F00DD9897 /* SignUpPageTests.swift */,
			);
			path = iOSSwiftPayTests;
			sourceTree = "<group>";
		};
		A74B810A24EB06C70081EF4B /* iOSSwiftPayUITests */ = {
			isa = PBXGroup;
			children = (
				A74B810B24EB06C70081EF4B /* iOSSwiftPayUITests.swift */,
				A74B810D24EB06C70081EF4B /* Info.plist */,
			);
			path = iOSSwiftPayUITests;
			sourceTree = "<group>";
		};
		A75EF15C252248070050A747 /* Models */ = {
			isa = PBXGroup;
			children = (
				A75EF15E252248490050A747 /* Services */,
				A74B811924EB0C970081EF4B /* Client.swift */,
				A75AEBA9252E5514001532B6 /* MoneyTransaction.swift */,
			);
			path = Models;
			sourceTree = "<group>";
		};
		A75EF15D252248140050A747 /* Presenters */ = {
			isa = PBXGroup;
			children = (
				A793C29E25265F4E00AE0DB2 /* SignInPresenter.swift */,
				A77C84CC253DFF4C00DD9897 /* SignUpPresenter.swift */,
			);
			path = Presenters;
			sourceTree = "<group>";
		};
		A75EF15E252248490050A747 /* Services */ = {
			isa = PBXGroup;
			children = (
				A7659105251503BF00C646B4 /* UserLoginService.swift */,
				A7A2D8EA250FA7CF00A10DBB /* ValidationService.swift */,
				A793C2A12526B4AE00AE0DB2 /* ClientProtocol.swift */,
				A793C2A32526BA1000AE0DB2 /* FirebaseFirestoreClient.swift */,
				A7657C6225387088009CC28E /* ResponseHandler.swift */,
			);
			path = Services;
			sourceTree = "<group>";
		};
		A763DCEE25309B9C00C91D43 /* JsonMocks */ = {
			isa = PBXGroup;
			children = (
				A763DCEF25309DCE00C91D43 /* user.json */,
			);
			path = JsonMocks;
			sourceTree = "<group>";
		};
		A793C2A02526628000AE0DB2 /* DataSource */ = {
			isa = PBXGroup;
			children = (
				A763DCEE25309B9C00C91D43 /* JsonMocks */,
			);
			path = DataSource;
			sourceTree = "<group>";
		};
		A7C0A7DE250AE7C20019A841 /* Views */ = {
			isa = PBXGroup;
			children = (
				A7C0A7DF250AE7D60019A841 /* SignInVC.swift */,
				A74B80ED24EB06C40081EF4B /* ViewController.swift */,
				A7B99E4E25236C900049B625 /* SignInViewController.swift */,
				A73F61BC252CCFFC00F6C75B /* SignUpViewController.swift */,
				A73F61BE252CDAF500F6C75B /* SettingsViewController.swift */,
				A73F61C0252CE87900F6C75B /* TransferViewController.swift */,
				A75AEBA5252DE6EC001532B6 /* DepositViewController.swift */,
				A75AEBA7252DEA31001532B6 /* UserInfoViewController.swift */,
				A75AEBAD252E6A7C001532B6 /* MoneyTransactionTableViewCell.swift */,
				A76070FB252F5E1B0095611F /* HomeViewController.swift */,
			);
			path = Views;
			sourceTree = "<group>";
		};
		A7C0A7E1250AEAE40019A841 /* Helpers */ = {
			isa = PBXGroup;
			children = (
				A7C0A7E2250AEB070019A841 /* Constants.swift */,
				A7C0A7E3250AEB090019A841 /* Utilities.swift */,
			);
			path = Helpers;
			sourceTree = "<group>";
		};
/* End PBXGroup section */

/* Begin PBXNativeTarget section */
		A74B80E524EB06C40081EF4B /* iOSSwiftPay */ = {
			isa = PBXNativeTarget;
			buildConfigurationList = A74B811024EB06C70081EF4B /* Build configuration list for PBXNativeTarget "iOSSwiftPay" */;
			buildPhases = (
				1E8A65E89F0323FB8810109C /* [CP] Check Pods Manifest.lock */,
				A74B80E224EB06C40081EF4B /* Sources */,
				A74B80E324EB06C40081EF4B /* Frameworks */,
				A74B80E424EB06C40081EF4B /* Resources */,
				AD70CC46F4DC67976FF07B28 /* [CP] Copy Pods Resources */,
			);
			buildRules = (
			);
			dependencies = (
			);
			name = iOSSwiftPay;
			productName = iOSSwiftPay;
			productReference = A74B80E624EB06C40081EF4B /* iOSSwiftPay.app */;
			productType = "com.apple.product-type.application";
		};
		A74B80FB24EB06C70081EF4B /* iOSSwiftPayTests */ = {
			isa = PBXNativeTarget;
			buildConfigurationList = A74B811324EB06C70081EF4B /* Build configuration list for PBXNativeTarget "iOSSwiftPayTests" */;
			buildPhases = (
				3EFB94E015745E2C0C8CF79F /* [CP] Check Pods Manifest.lock */,
				2EAAE211613E6534E66E430F /* Clean Mockingbird Mocks */,
				2F8F503F436881BEE8497314 /* Generate Mockingbird Mocks */,
				A74B80F824EB06C70081EF4B /* Sources */,
				A74B80F924EB06C70081EF4B /* Frameworks */,
				A74B80FA24EB06C70081EF4B /* Resources */,
				7FB38AE039B264F3563BE11D /* [CP] Embed Pods Frameworks */,
			);
			buildRules = (
			);
			dependencies = (
				A74B80FE24EB06C70081EF4B /* PBXTargetDependency */,
			);
			name = iOSSwiftPayTests;
			productName = iOSSwiftPayTests;
			productReference = A74B80FC24EB06C70081EF4B /* iOSSwiftPayTests.xctest */;
			productType = "com.apple.product-type.bundle.unit-test";
		};
		A74B810624EB06C70081EF4B /* iOSSwiftPayUITests */ = {
			isa = PBXNativeTarget;
			buildConfigurationList = A74B811624EB06C70081EF4B /* Build configuration list for PBXNativeTarget "iOSSwiftPayUITests" */;
			buildPhases = (
				5834A9497D9AAF4EFB196CB0 /* [CP] Check Pods Manifest.lock */,
				A74B810324EB06C70081EF4B /* Sources */,
				A74B810424EB06C70081EF4B /* Frameworks */,
				A74B810524EB06C70081EF4B /* Resources */,
				EA5619ACE584F8C94230CEAA /* [CP] Embed Pods Frameworks */,
			);
			buildRules = (
			);
			dependencies = (
				A74B810924EB06C70081EF4B /* PBXTargetDependency */,
			);
			name = iOSSwiftPayUITests;
			productName = iOSSwiftPayUITests;
			productReference = A74B810724EB06C70081EF4B /* iOSSwiftPayUITests.xctest */;
			productType = "com.apple.product-type.bundle.ui-testing";
		};
/* End PBXNativeTarget section */

/* Begin PBXProject section */
		A74B80DE24EB06C40081EF4B /* Project object */ = {
			isa = PBXProject;
			attributes = {
				LastSwiftUpdateCheck = 1150;
				LastUpgradeCheck = 1150;
				ORGANIZATIONNAME = Leonardo;
				TargetAttributes = {
					A74B80E524EB06C40081EF4B = {
						CreatedOnToolsVersion = 11.5;
					};
					A74B80FB24EB06C70081EF4B = {
						CreatedOnToolsVersion = 11.5;
						TestTargetID = A74B80E524EB06C40081EF4B;
					};
					A74B810624EB06C70081EF4B = {
						CreatedOnToolsVersion = 11.5;
						TestTargetID = A74B80E524EB06C40081EF4B;
					};
				};
			};
			buildConfigurationList = A74B80E124EB06C40081EF4B /* Build configuration list for PBXProject "iOSSwiftPay" */;
			compatibilityVersion = "Xcode 9.3";
			developmentRegion = en;
			hasScannedForEncodings = 0;
			knownRegions = (
				en,
				Base,
				"pt-BR",
			);
			mainGroup = A74B80DD24EB06C40081EF4B;
			productRefGroup = A74B80E724EB06C40081EF4B /* Products */;
			projectDirPath = "";
			projectRoot = "";
			targets = (
				A74B80E524EB06C40081EF4B /* iOSSwiftPay */,
				A74B80FB24EB06C70081EF4B /* iOSSwiftPayTests */,
				A74B810624EB06C70081EF4B /* iOSSwiftPayUITests */,
			);
		};
/* End PBXProject section */

/* Begin PBXResourcesBuildPhase section */
		A74B80E424EB06C40081EF4B /* Resources */ = {
			isa = PBXResourcesBuildPhase;
			buildActionMask = 2147483647;
			files = (
				A7C0A7E8250AEF820019A841 /* Localizable.strings in Resources */,
				A796D63C25119BA500974974 /* GoogleService-Info.plist in Resources */,
				A74B80F324EB06C70081EF4B /* Assets.xcassets in Resources */,
				A74B80F124EB06C40081EF4B /* Main.storyboard in Resources */,
			);
			runOnlyForDeploymentPostprocessing = 0;
		};
		A74B80FA24EB06C70081EF4B /* Resources */ = {
			isa = PBXResourcesBuildPhase;
			buildActionMask = 2147483647;
			files = (
			);
			runOnlyForDeploymentPostprocessing = 0;
		};
		A74B810524EB06C70081EF4B /* Resources */ = {
			isa = PBXResourcesBuildPhase;
			buildActionMask = 2147483647;
			files = (
			);
			runOnlyForDeploymentPostprocessing = 0;
		};
/* End PBXResourcesBuildPhase section */

/* Begin PBXShellScriptBuildPhase section */
		1E8A65E89F0323FB8810109C /* [CP] Check Pods Manifest.lock */ = {
			isa = PBXShellScriptBuildPhase;
			buildActionMask = 2147483647;
			files = (
			);
			inputFileListPaths = (
			);
			inputPaths = (
				"${PODS_PODFILE_DIR_PATH}/Podfile.lock",
				"${PODS_ROOT}/Manifest.lock",
			);
			name = "[CP] Check Pods Manifest.lock";
			outputFileListPaths = (
			);
			outputPaths = (
				"$(DERIVED_FILE_DIR)/Pods-iOSSwiftPay-checkManifestLockResult.txt",
			);
			runOnlyForDeploymentPostprocessing = 0;
			shellPath = /bin/sh;
			shellScript = "diff \"${PODS_PODFILE_DIR_PATH}/Podfile.lock\" \"${PODS_ROOT}/Manifest.lock\" > /dev/null\nif [ $? != 0 ] ; then\n    # print error to STDERR\n    echo \"error: The sandbox is not in sync with the Podfile.lock. Run 'pod install' or update your CocoaPods installation.\" >&2\n    exit 1\nfi\n# This output is used by Xcode 'outputs' to avoid re-running this script phase.\necho \"SUCCESS\" > \"${SCRIPT_OUTPUT_FILE_0}\"\n";
			showEnvVarsInLog = 0;
		};
		2EAAE211613E6534E66E430F /* Clean Mockingbird Mocks */ = {
			isa = PBXShellScriptBuildPhase;
			buildActionMask = 2147483647;
			files = (
			);
			inputPaths = (
			);
			name = "Clean Mockingbird Mocks";
			outputPaths = (
				"/tmp/Mockingbird-99962C85-1E3D-4BA3-BE9B-EB42C81087F9",
			);
			runOnlyForDeploymentPostprocessing = 0;
			shellPath = /bin/sh;
			shellScript = "echo $RANDOM > '/tmp/Mockingbird-99962C85-1E3D-4BA3-BE9B-EB42C81087F9'\n";
		};
		2F8F503F436881BEE8497314 /* Generate Mockingbird Mocks */ = {
			isa = PBXShellScriptBuildPhase;
			buildActionMask = 2147483647;
			files = (
			);
			inputPaths = (
				"/tmp/Mockingbird-99962C85-1E3D-4BA3-BE9B-EB42C81087F9",
			);
			name = "Generate Mockingbird Mocks";
			outputPaths = (
				"$(SRCROOT)/MockingbirdMocks/iOSSwiftPayTests-iOSSwiftPayMocks.generated.swift",
			);
			runOnlyForDeploymentPostprocessing = 0;
			shellPath = /bin/sh;
			shellScript = "set -e\n\nmockingbird generate \\\n  --targets 'iOSSwiftPay' \\\n  --outputs \"${SRCROOT}/MockingbirdMocks/iOSSwiftPayTests-iOSSwiftPayMocks.generated.swift\" \\\n  --support \"${SRCROOT}/MockingbirdSupport\"\n\n# Ensure mocks are generated prior to running Compile Sources\nrm -f '/tmp/Mockingbird-99962C85-1E3D-4BA3-BE9B-EB42C81087F9'\n";
		};
		3EFB94E015745E2C0C8CF79F /* [CP] Check Pods Manifest.lock */ = {
			isa = PBXShellScriptBuildPhase;
			buildActionMask = 2147483647;
			files = (
			);
			inputFileListPaths = (
			);
			inputPaths = (
				"${PODS_PODFILE_DIR_PATH}/Podfile.lock",
				"${PODS_ROOT}/Manifest.lock",
			);
			name = "[CP] Check Pods Manifest.lock";
			outputFileListPaths = (
			);
			outputPaths = (
				"$(DERIVED_FILE_DIR)/Pods-iOSSwiftPayTests-checkManifestLockResult.txt",
			);
			runOnlyForDeploymentPostprocessing = 0;
			shellPath = /bin/sh;
			shellScript = "diff \"${PODS_PODFILE_DIR_PATH}/Podfile.lock\" \"${PODS_ROOT}/Manifest.lock\" > /dev/null\nif [ $? != 0 ] ; then\n    # print error to STDERR\n    echo \"error: The sandbox is not in sync with the Podfile.lock. Run 'pod install' or update your CocoaPods installation.\" >&2\n    exit 1\nfi\n# This output is used by Xcode 'outputs' to avoid re-running this script phase.\necho \"SUCCESS\" > \"${SCRIPT_OUTPUT_FILE_0}\"\n";
			showEnvVarsInLog = 0;
		};
		5834A9497D9AAF4EFB196CB0 /* [CP] Check Pods Manifest.lock */ = {
			isa = PBXShellScriptBuildPhase;
			buildActionMask = 2147483647;
			files = (
			);
			inputFileListPaths = (
			);
			inputPaths = (
				"${PODS_PODFILE_DIR_PATH}/Podfile.lock",
				"${PODS_ROOT}/Manifest.lock",
			);
			name = "[CP] Check Pods Manifest.lock";
			outputFileListPaths = (
			);
			outputPaths = (
				"$(DERIVED_FILE_DIR)/Pods-iOSSwiftPayUITests-checkManifestLockResult.txt",
			);
			runOnlyForDeploymentPostprocessing = 0;
			shellPath = /bin/sh;
			shellScript = "diff \"${PODS_PODFILE_DIR_PATH}/Podfile.lock\" \"${PODS_ROOT}/Manifest.lock\" > /dev/null\nif [ $? != 0 ] ; then\n    # print error to STDERR\n    echo \"error: The sandbox is not in sync with the Podfile.lock. Run 'pod install' or update your CocoaPods installation.\" >&2\n    exit 1\nfi\n# This output is used by Xcode 'outputs' to avoid re-running this script phase.\necho \"SUCCESS\" > \"${SCRIPT_OUTPUT_FILE_0}\"\n";
			showEnvVarsInLog = 0;
		};
		7FB38AE039B264F3563BE11D /* [CP] Embed Pods Frameworks */ = {
			isa = PBXShellScriptBuildPhase;
			buildActionMask = 2147483647;
			files = (
			);
			inputFileListPaths = (
				"${PODS_ROOT}/Target Support Files/Pods-iOSSwiftPayTests/Pods-iOSSwiftPayTests-frameworks-${CONFIGURATION}-input-files.xcfilelist",
			);
			inputPaths = (
			);
			name = "[CP] Embed Pods Frameworks";
			outputFileListPaths = (
				"${PODS_ROOT}/Target Support Files/Pods-iOSSwiftPayTests/Pods-iOSSwiftPayTests-frameworks-${CONFIGURATION}-output-files.xcfilelist",
			);
			outputPaths = (
			);
			runOnlyForDeploymentPostprocessing = 0;
			shellPath = /bin/sh;
			shellScript = "\"${PODS_ROOT}/Target Support Files/Pods-iOSSwiftPayTests/Pods-iOSSwiftPayTests-frameworks.sh\"\n";
			showEnvVarsInLog = 0;
		};
		AD70CC46F4DC67976FF07B28 /* [CP] Copy Pods Resources */ = {
			isa = PBXShellScriptBuildPhase;
			buildActionMask = 2147483647;
			files = (
			);
			inputFileListPaths = (
				"${PODS_ROOT}/Target Support Files/Pods-iOSSwiftPay/Pods-iOSSwiftPay-resources-${CONFIGURATION}-input-files.xcfilelist",
			);
			inputPaths = (
			);
			name = "[CP] Copy Pods Resources";
			outputFileListPaths = (
				"${PODS_ROOT}/Target Support Files/Pods-iOSSwiftPay/Pods-iOSSwiftPay-resources-${CONFIGURATION}-output-files.xcfilelist",
			);
			outputPaths = (
			);
			runOnlyForDeploymentPostprocessing = 0;
			shellPath = /bin/sh;
			shellScript = "\"${PODS_ROOT}/Target Support Files/Pods-iOSSwiftPay/Pods-iOSSwiftPay-resources.sh\"\n";
			showEnvVarsInLog = 0;
		};
		EA5619ACE584F8C94230CEAA /* [CP] Embed Pods Frameworks */ = {
			isa = PBXShellScriptBuildPhase;
			buildActionMask = 2147483647;
			files = (
			);
			inputFileListPaths = (
				"${PODS_ROOT}/Target Support Files/Pods-iOSSwiftPayUITests/Pods-iOSSwiftPayUITests-frameworks-${CONFIGURATION}-input-files.xcfilelist",
			);
			inputPaths = (
			);
			name = "[CP] Embed Pods Frameworks";
			outputFileListPaths = (
				"${PODS_ROOT}/Target Support Files/Pods-iOSSwiftPayUITests/Pods-iOSSwiftPayUITests-frameworks-${CONFIGURATION}-output-files.xcfilelist",
			);
			outputPaths = (
			);
			runOnlyForDeploymentPostprocessing = 0;
			shellPath = /bin/sh;
			shellScript = "\"${PODS_ROOT}/Target Support Files/Pods-iOSSwiftPayUITests/Pods-iOSSwiftPayUITests-frameworks.sh\"\n";
			showEnvVarsInLog = 0;
		};
/* End PBXShellScriptBuildPhase section */

/* Begin PBXSourcesBuildPhase section */
		A74B80E224EB06C40081EF4B /* Sources */ = {
			isa = PBXSourcesBuildPhase;
			buildActionMask = 2147483647;
			files = (
				A74B80EE24EB06C40081EF4B /* ViewController.swift in Sources */,
				A74B80EA24EB06C40081EF4B /* AppDelegate.swift in Sources */,
				A7659106251503BF00C646B4 /* UserLoginService.swift in Sources */,
				A7657C6325387088009CC28E /* ResponseHandler.swift in Sources */,
				A75AEBAA252E5514001532B6 /* MoneyTransaction.swift in Sources */,
				A793C29F25265F4E00AE0DB2 /* SignInPresenter.swift in Sources */,
				A77C84CD253DFF4C00DD9897 /* SignUpPresenter.swift in Sources */,
				A7C0A7E5250AEB090019A841 /* Utilities.swift in Sources */,
				A793C2A22526B4AE00AE0DB2 /* ClientProtocol.swift in Sources */,
				A76070FC252F5E1B0095611F /* HomeViewController.swift in Sources */,
				A74B811A24EB0C970081EF4B /* Client.swift in Sources */,
				A75AEBA6252DE6EC001532B6 /* DepositViewController.swift in Sources */,
				A73F61BF252CDAF500F6C75B /* SettingsViewController.swift in Sources */,
				A74B80EC24EB06C40081EF4B /* SceneDelegate.swift in Sources */,
				A73F61BD252CCFFC00F6C75B /* SignUpViewController.swift in Sources */,
				A7C0A7E0250AE7D60019A841 /* SignInVC.swift in Sources */,
				A7A2D8EB250FA7CF00A10DBB /* ValidationService.swift in Sources */,
				A793C2A42526BA1000AE0DB2 /* FirebaseFirestoreClient.swift in Sources */,
				A73F61C1252CE87900F6C75B /* TransferViewController.swift in Sources */,
				A7B99E4F25236C900049B625 /* SignInViewController.swift in Sources */,
				A763DCF025309DCE00C91D43 /* user.json in Sources */,
				A7C0A7E4250AEB090019A841 /* Constants.swift in Sources */,
				A75AEBAE252E6A7C001532B6 /* MoneyTransactionTableViewCell.swift in Sources */,
				A75AEBA8252DEA31001532B6 /* UserInfoViewController.swift in Sources */,
			);
			runOnlyForDeploymentPostprocessing = 0;
		};
		A74B80F824EB06C70081EF4B /* Sources */ = {
			isa = PBXSourcesBuildPhase;
			buildActionMask = 2147483647;
			files = (
				A76784472538CA8E0081EE79 /* SignInPageTests.swift in Sources */,
				A77C84CF253E013F00DD9897 /* SignUpPageTests.swift in Sources */,
				A7657C65253871D0009CC28E /* ResponseHandlerTests.swift in Sources */,
				A7A2D8ED25103A8800A10DBB /* ValidationServiceTests.swift in Sources */,
				A74B810124EB06C70081EF4B /* iOSSwiftPayTests.swift in Sources */,
				0F3E85C375FE548CC7C98BF4 /* iOSSwiftPayTests-iOSSwiftPayMocks.generated.swift in Sources */,
			);
			runOnlyForDeploymentPostprocessing = 0;
		};
		A74B810324EB06C70081EF4B /* Sources */ = {
			isa = PBXSourcesBuildPhase;
			buildActionMask = 2147483647;
			files = (
				A74B810C24EB06C70081EF4B /* iOSSwiftPayUITests.swift in Sources */,
			);
			runOnlyForDeploymentPostprocessing = 0;
		};
/* End PBXSourcesBuildPhase section */

/* Begin PBXTargetDependency section */
		A74B80FE24EB06C70081EF4B /* PBXTargetDependency */ = {
			isa = PBXTargetDependency;
			target = A74B80E524EB06C40081EF4B /* iOSSwiftPay */;
			targetProxy = A74B80FD24EB06C70081EF4B /* PBXContainerItemProxy */;
		};
		A74B810924EB06C70081EF4B /* PBXTargetDependency */ = {
			isa = PBXTargetDependency;
			target = A74B80E524EB06C40081EF4B /* iOSSwiftPay */;
			targetProxy = A74B810824EB06C70081EF4B /* PBXContainerItemProxy */;
		};
/* End PBXTargetDependency section */

/* Begin PBXVariantGroup section */
		A74B80EF24EB06C40081EF4B /* Main.storyboard */ = {
			isa = PBXVariantGroup;
			children = (
				A74B80F024EB06C40081EF4B /* Base */,
			);
			name = Main.storyboard;
			sourceTree = "<group>";
		};
		A7C0A7EA250AEF820019A841 /* Localizable.strings */ = {
			isa = PBXVariantGroup;
			children = (
				A7C0A7E9250AEF820019A841 /* en */,
				A7C0A7F3250AF4DA0019A841 /* pt-BR */,
			);
			name = Localizable.strings;
			sourceTree = "<group>";
		};
/* End PBXVariantGroup section */

/* Begin XCBuildConfiguration section */
		A74B810E24EB06C70081EF4B /* Debug */ = {
			isa = XCBuildConfiguration;
			buildSettings = {
				ALWAYS_EMBED_SWIFT_STANDARD_LIBRARIES = "$(inherited)";
				ALWAYS_SEARCH_USER_PATHS = NO;
				CLANG_ANALYZER_LOCALIZABILITY_NONLOCALIZED = YES;
				CLANG_ANALYZER_NONNULL = YES;
				CLANG_ANALYZER_NUMBER_OBJECT_CONVERSION = YES_AGGRESSIVE;
				CLANG_CXX_LANGUAGE_STANDARD = "gnu++14";
				CLANG_CXX_LIBRARY = "libc++";
				CLANG_ENABLE_MODULES = YES;
				CLANG_ENABLE_OBJC_ARC = YES;
				CLANG_ENABLE_OBJC_WEAK = YES;
				CLANG_WARN_BLOCK_CAPTURE_AUTORELEASING = YES;
				CLANG_WARN_BOOL_CONVERSION = YES;
				CLANG_WARN_COMMA = YES;
				CLANG_WARN_CONSTANT_CONVERSION = YES;
				CLANG_WARN_DEPRECATED_OBJC_IMPLEMENTATIONS = YES;
				CLANG_WARN_DIRECT_OBJC_ISA_USAGE = YES_ERROR;
				CLANG_WARN_DOCUMENTATION_COMMENTS = YES;
				CLANG_WARN_EMPTY_BODY = YES;
				CLANG_WARN_ENUM_CONVERSION = YES;
				CLANG_WARN_INFINITE_RECURSION = YES;
				CLANG_WARN_INT_CONVERSION = YES;
				CLANG_WARN_NON_LITERAL_NULL_CONVERSION = YES;
				CLANG_WARN_OBJC_IMPLICIT_RETAIN_SELF = YES;
				CLANG_WARN_OBJC_LITERAL_CONVERSION = YES;
				CLANG_WARN_OBJC_ROOT_CLASS = YES_ERROR;
				CLANG_WARN_RANGE_LOOP_ANALYSIS = YES;
				CLANG_WARN_STRICT_PROTOTYPES = YES;
				CLANG_WARN_SUSPICIOUS_MOVE = YES;
				CLANG_WARN_UNGUARDED_AVAILABILITY = YES_AGGRESSIVE;
				CLANG_WARN_UNREACHABLE_CODE = YES;
				CLANG_WARN__DUPLICATE_METHOD_MATCH = YES;
				COPY_PHASE_STRIP = NO;
				DEBUG_INFORMATION_FORMAT = dwarf;
				ENABLE_STRICT_OBJC_MSGSEND = YES;
				ENABLE_TESTABILITY = YES;
				FRAMEWORK_SEARCH_PATHS = "$(inherited)";
				GCC_C_LANGUAGE_STANDARD = gnu11;
				GCC_DYNAMIC_NO_PIC = NO;
				GCC_NO_COMMON_BLOCKS = YES;
				GCC_OPTIMIZATION_LEVEL = 0;
				GCC_PREPROCESSOR_DEFINITIONS = (
					"DEBUG=1",
					"$(inherited)",
				);
				GCC_WARN_64_TO_32_BIT_CONVERSION = YES;
				GCC_WARN_ABOUT_RETURN_TYPE = YES_ERROR;
				GCC_WARN_UNDECLARED_SELECTOR = YES;
				GCC_WARN_UNINITIALIZED_AUTOS = YES_AGGRESSIVE;
				GCC_WARN_UNUSED_FUNCTION = YES;
				GCC_WARN_UNUSED_VARIABLE = YES;
				HEADER_SEARCH_PATHS = "$(inherited)";
				IPHONEOS_DEPLOYMENT_TARGET = 13.5;
				MTL_ENABLE_DEBUG_INFO = INCLUDE_SOURCE;
				MTL_FAST_MATH = YES;
				ONLY_ACTIVE_ARCH = YES;
				SDKROOT = iphoneos;
				SWIFT_ACTIVE_COMPILATION_CONDITIONS = DEBUG;
				SWIFT_OPTIMIZATION_LEVEL = "-Onone";
			};
			name = Debug;
		};
		A74B810F24EB06C70081EF4B /* Release */ = {
			isa = XCBuildConfiguration;
			buildSettings = {
				ALWAYS_EMBED_SWIFT_STANDARD_LIBRARIES = "$(inherited)";
				ALWAYS_SEARCH_USER_PATHS = NO;
				CLANG_ANALYZER_LOCALIZABILITY_NONLOCALIZED = YES;
				CLANG_ANALYZER_NONNULL = YES;
				CLANG_ANALYZER_NUMBER_OBJECT_CONVERSION = YES_AGGRESSIVE;
				CLANG_CXX_LANGUAGE_STANDARD = "gnu++14";
				CLANG_CXX_LIBRARY = "libc++";
				CLANG_ENABLE_MODULES = YES;
				CLANG_ENABLE_OBJC_ARC = YES;
				CLANG_ENABLE_OBJC_WEAK = YES;
				CLANG_WARN_BLOCK_CAPTURE_AUTORELEASING = YES;
				CLANG_WARN_BOOL_CONVERSION = YES;
				CLANG_WARN_COMMA = YES;
				CLANG_WARN_CONSTANT_CONVERSION = YES;
				CLANG_WARN_DEPRECATED_OBJC_IMPLEMENTATIONS = YES;
				CLANG_WARN_DIRECT_OBJC_ISA_USAGE = YES_ERROR;
				CLANG_WARN_DOCUMENTATION_COMMENTS = YES;
				CLANG_WARN_EMPTY_BODY = YES;
				CLANG_WARN_ENUM_CONVERSION = YES;
				CLANG_WARN_INFINITE_RECURSION = YES;
				CLANG_WARN_INT_CONVERSION = YES;
				CLANG_WARN_NON_LITERAL_NULL_CONVERSION = YES;
				CLANG_WARN_OBJC_IMPLICIT_RETAIN_SELF = YES;
				CLANG_WARN_OBJC_LITERAL_CONVERSION = YES;
				CLANG_WARN_OBJC_ROOT_CLASS = YES_ERROR;
				CLANG_WARN_RANGE_LOOP_ANALYSIS = YES;
				CLANG_WARN_STRICT_PROTOTYPES = YES;
				CLANG_WARN_SUSPICIOUS_MOVE = YES;
				CLANG_WARN_UNGUARDED_AVAILABILITY = YES_AGGRESSIVE;
				CLANG_WARN_UNREACHABLE_CODE = YES;
				CLANG_WARN__DUPLICATE_METHOD_MATCH = YES;
				COPY_PHASE_STRIP = NO;
				DEBUG_INFORMATION_FORMAT = "dwarf-with-dsym";
				ENABLE_NS_ASSERTIONS = NO;
				ENABLE_STRICT_OBJC_MSGSEND = YES;
				FRAMEWORK_SEARCH_PATHS = "$(inherited)";
				GCC_C_LANGUAGE_STANDARD = gnu11;
				GCC_NO_COMMON_BLOCKS = YES;
				GCC_WARN_64_TO_32_BIT_CONVERSION = YES;
				GCC_WARN_ABOUT_RETURN_TYPE = YES_ERROR;
				GCC_WARN_UNDECLARED_SELECTOR = YES;
				GCC_WARN_UNINITIALIZED_AUTOS = YES_AGGRESSIVE;
				GCC_WARN_UNUSED_FUNCTION = YES;
				GCC_WARN_UNUSED_VARIABLE = YES;
				HEADER_SEARCH_PATHS = "$(inherited)";
				IPHONEOS_DEPLOYMENT_TARGET = 13.5;
				MTL_ENABLE_DEBUG_INFO = NO;
				MTL_FAST_MATH = YES;
				SDKROOT = iphoneos;
				SWIFT_COMPILATION_MODE = wholemodule;
				SWIFT_OPTIMIZATION_LEVEL = "-O";
				VALIDATE_PRODUCT = YES;
			};
			name = Release;
		};
		A74B811124EB06C70081EF4B /* Debug */ = {
			isa = XCBuildConfiguration;
			baseConfigurationReference = 01012CB340A34D913E0AEB39 /* Pods-iOSSwiftPay.debug.xcconfig */;
			buildSettings = {
				ASSETCATALOG_COMPILER_APPICON_NAME = AppIcon;
				CODE_SIGN_STYLE = Automatic;
				FRAMEWORK_SEARCH_PATHS = "$(SRCROOT)/**";
				INFOPLIST_FILE = iOSSwiftPay/Info.plist;
				LD_RUNPATH_SEARCH_PATHS = (
					"$(inherited)",
					"@executable_path/Frameworks",
				);
				PRODUCT_BUNDLE_IDENTIFIER = Panta.iOSSwiftPay;
				PRODUCT_NAME = "$(TARGET_NAME)";
				SWIFT_VERSION = 5.0;
				TARGETED_DEVICE_FAMILY = "1,2";
			};
			name = Debug;
		};
		A74B811224EB06C70081EF4B /* Release */ = {
			isa = XCBuildConfiguration;
			baseConfigurationReference = 3DF314083B31C10683D2F05F /* Pods-iOSSwiftPay.release.xcconfig */;
			buildSettings = {
				ASSETCATALOG_COMPILER_APPICON_NAME = AppIcon;
				CODE_SIGN_STYLE = Automatic;
				FRAMEWORK_SEARCH_PATHS = "$(SRCROOT)/**";
				INFOPLIST_FILE = iOSSwiftPay/Info.plist;
				LD_RUNPATH_SEARCH_PATHS = (
					"$(inherited)",
					"@executable_path/Frameworks",
				);
				PRODUCT_BUNDLE_IDENTIFIER = Panta.iOSSwiftPay;
				PRODUCT_NAME = "$(TARGET_NAME)";
				SWIFT_VERSION = 5.0;
				TARGETED_DEVICE_FAMILY = "1,2";
			};
			name = Release;
		};
		A74B811424EB06C70081EF4B /* Debug */ = {
			isa = XCBuildConfiguration;
			baseConfigurationReference = 54E1FE7B967DA303A7FE1FF8 /* Pods-iOSSwiftPayTests.debug.xcconfig */;
			buildSettings = {
				ALWAYS_EMBED_SWIFT_STANDARD_LIBRARIES = YES;
				BUNDLE_LOADER = "$(TEST_HOST)";
				CODE_SIGN_STYLE = Automatic;
				INFOPLIST_FILE = iOSSwiftPayTests/Info.plist;
				IPHONEOS_DEPLOYMENT_TARGET = 13.5;
				LD_RUNPATH_SEARCH_PATHS = (
					"$(inherited)",
					"@executable_path/Frameworks",
					"@loader_path/Frameworks",
				);
				PRODUCT_BUNDLE_IDENTIFIER = Panta.iOSSwiftPayTests;
				PRODUCT_NAME = "$(TARGET_NAME)";
				SWIFT_VERSION = 5.0;
				TARGETED_DEVICE_FAMILY = "1,2";
				TEST_HOST = "$(BUILT_PRODUCTS_DIR)/iOSSwiftPay.app/iOSSwiftPay";
			};
			name = Debug;
		};
		A74B811524EB06C70081EF4B /* Release */ = {
			isa = XCBuildConfiguration;
			baseConfigurationReference = 38FC65D6AC918C279FF82C10 /* Pods-iOSSwiftPayTests.release.xcconfig */;
			buildSettings = {
				ALWAYS_EMBED_SWIFT_STANDARD_LIBRARIES = YES;
				BUNDLE_LOADER = "$(TEST_HOST)";
				CODE_SIGN_STYLE = Automatic;
				INFOPLIST_FILE = iOSSwiftPayTests/Info.plist;
				IPHONEOS_DEPLOYMENT_TARGET = 13.5;
				LD_RUNPATH_SEARCH_PATHS = (
					"$(inherited)",
					"@executable_path/Frameworks",
					"@loader_path/Frameworks",
				);
				PRODUCT_BUNDLE_IDENTIFIER = Panta.iOSSwiftPayTests;
				PRODUCT_NAME = "$(TARGET_NAME)";
				SWIFT_VERSION = 5.0;
				TARGETED_DEVICE_FAMILY = "1,2";
				TEST_HOST = "$(BUILT_PRODUCTS_DIR)/iOSSwiftPay.app/iOSSwiftPay";
			};
			name = Release;
		};
		A74B811724EB06C70081EF4B /* Debug */ = {
			isa = XCBuildConfiguration;
			baseConfigurationReference = 53ECE2CDC2C38BF703834023 /* Pods-iOSSwiftPayUITests.debug.xcconfig */;
			buildSettings = {
				ALWAYS_EMBED_SWIFT_STANDARD_LIBRARIES = YES;
				CODE_SIGN_STYLE = Automatic;
				INFOPLIST_FILE = iOSSwiftPayUITests/Info.plist;
				LD_RUNPATH_SEARCH_PATHS = (
					"$(inherited)",
					"@executable_path/Frameworks",
					"@loader_path/Frameworks",
				);
				PRODUCT_BUNDLE_IDENTIFIER = Panta.iOSSwiftPayUITests;
				PRODUCT_NAME = "$(TARGET_NAME)";
				SWIFT_VERSION = 5.0;
				TARGETED_DEVICE_FAMILY = "1,2";
				TEST_TARGET_NAME = iOSSwiftPay;
			};
			name = Debug;
		};
		A74B811824EB06C70081EF4B /* Release */ = {
			isa = XCBuildConfiguration;
			baseConfigurationReference = 2E5E0C17D1E1FF2D6CFF6678 /* Pods-iOSSwiftPayUITests.release.xcconfig */;
			buildSettings = {
				ALWAYS_EMBED_SWIFT_STANDARD_LIBRARIES = YES;
				CODE_SIGN_STYLE = Automatic;
				INFOPLIST_FILE = iOSSwiftPayUITests/Info.plist;
				LD_RUNPATH_SEARCH_PATHS = (
					"$(inherited)",
					"@executable_path/Frameworks",
					"@loader_path/Frameworks",
				);
				PRODUCT_BUNDLE_IDENTIFIER = Panta.iOSSwiftPayUITests;
				PRODUCT_NAME = "$(TARGET_NAME)";
				SWIFT_VERSION = 5.0;
				TARGETED_DEVICE_FAMILY = "1,2";
				TEST_TARGET_NAME = iOSSwiftPay;
			};
			name = Release;
		};
/* End XCBuildConfiguration section */

/* Begin XCConfigurationList section */
		A74B80E124EB06C40081EF4B /* Build configuration list for PBXProject "iOSSwiftPay" */ = {
			isa = XCConfigurationList;
			buildConfigurations = (
				A74B810E24EB06C70081EF4B /* Debug */,
				A74B810F24EB06C70081EF4B /* Release */,
			);
			defaultConfigurationIsVisible = 0;
			defaultConfigurationName = Release;
		};
		A74B811024EB06C70081EF4B /* Build configuration list for PBXNativeTarget "iOSSwiftPay" */ = {
			isa = XCConfigurationList;
			buildConfigurations = (
				A74B811124EB06C70081EF4B /* Debug */,
				A74B811224EB06C70081EF4B /* Release */,
			);
			defaultConfigurationIsVisible = 0;
			defaultConfigurationName = Release;
		};
		A74B811324EB06C70081EF4B /* Build configuration list for PBXNativeTarget "iOSSwiftPayTests" */ = {
			isa = XCConfigurationList;
			buildConfigurations = (
				A74B811424EB06C70081EF4B /* Debug */,
				A74B811524EB06C70081EF4B /* Release */,
			);
			defaultConfigurationIsVisible = 0;
			defaultConfigurationName = Release;
		};
		A74B811624EB06C70081EF4B /* Build configuration list for PBXNativeTarget "iOSSwiftPayUITests" */ = {
			isa = XCConfigurationList;
			buildConfigurations = (
				A74B811724EB06C70081EF4B /* Debug */,
				A74B811824EB06C70081EF4B /* Release */,
			);
			defaultConfigurationIsVisible = 0;
			defaultConfigurationName = Release;
		};
/* End XCConfigurationList section */
	};
	rootObject = A74B80DE24EB06C40081EF4B /* Project object */;
}
